
Microsoft Visual Studio Solution File, Format Version 11.00
# Visual Studio 2010
Project("{FAE04EC0-301F-11D3-BF4B-00C04F79EFBC}") = "NachoClient.Android", "NachoClient.Android\NachoClient.Android.csproj", "{D1408661-612A-4362-B534-5BF16C7A8BE0}"
EndProject
Project("{FAE04EC0-301F-11D3-BF4B-00C04F79EFBC}") = "NachoClient.iOS", "NachoClient.iOS\NachoClient.iOS.csproj", "{7B5D1554-2619-4B46-BE91-585C896047AC}"
EndProject
Project("{FAE04EC0-301F-11D3-BF4B-00C04F79EFBC}") = "Test.Android", "Test.Android\Test.Android.csproj", "{DBEE91B8-DF39-4008-9AC2-D7D1F3737449}"
EndProject
Project("{FAE04EC0-301F-11D3-BF4B-00C04F79EFBC}") = "Test.iOS", "Test.iOS\Test.iOS.csproj", "{0614D746-209D-4EDA-B732-DC6CF8964579}"
EndProject
Project("{FAE04EC0-301F-11D3-BF4B-00C04F79EFBC}") = "DDay.iCal.iOS", "..\DDay-iCal-Xamarin\DDay.iCal.iOS\DDay.iCal.iOS.csproj", "{1B095A78-F50A-449F-A3C4-D5662AD32717}"
EndProject
Project("{FAE04EC0-301F-11D3-BF4B-00C04F79EFBC}") = "antlr.runtime.iOS", "..\DDay-iCal-Xamarin\antlr.runtime.iOS\antlr.runtime.iOS.csproj", "{3043ADD2-B6EF-4392-B5E4-983B63260039}"
EndProject
Project("{FAE04EC0-301F-11D3-BF4B-00C04F79EFBC}") = "DDay.Collections.iOS", "..\DDay-iCal-Xamarin\DDay.Collections.iOS\DDay.Collections.iOS.csproj", "{B7EE901B-1302-42C7-98D1-18666CB7D6DC}"
EndProject
Project("{FAE04EC0-301F-11D3-BF4B-00C04F79EFBC}") = "NachoUIMonitor.iOS", "..\NachoUIMonitorBinding\NachoUIMonitor.iOS\NachoUIMonitor.iOS.csproj", "{B516077B-652E-4AC9-B728-AB64B65044F4}"
EndProject
Project("{FAE04EC0-301F-11D3-BF4B-00C04F79EFBC}") = "Lucene.Net.Android", "..\lucene.net-3.0.3\Lucene.Net.Android\Lucene.Net.Android.csproj", "{B0F398CA-1CAA-45FD-94DC-15BBF1A93377}"
EndProject
Project("{FAE04EC0-301F-11D3-BF4B-00C04F79EFBC}") = "Lucene.Net", "..\lucene.net-3.0.3\Lucene.Net\Lucene.Net.csproj", "{5B0CBAEC-6681-423C-B2B1-E3886A5BDF6C}"
EndProject
Project("{FAE04EC0-301F-11D3-BF4B-00C04F79EFBC}") = "Lucene.Net.iOS", "..\lucene.net-3.0.3\Lucene.Net.iOS\Lucene.Net.iOS.csproj", "{35BDE52C-1FAD-42BB-841B-9298F354AFE8}"
EndProject
Project("{FAE04EC0-301F-11D3-BF4B-00C04F79EFBC}") = "DnDns.iOS", "..\DnDns\SourceCode\DnDns\DnDns.iOS\DnDns.iOS.csproj", "{6F68E3AD-B80E-4980-8476-7ADDFFFF6672}"
EndProject
Project("{FAE04EC0-301F-11D3-BF4B-00C04F79EFBC}") = "DnDns.Android", "..\DnDns\SourceCode\DnDns\DnDns.Android\DnDns.Android.csproj", "{F930802F-193C-4388-820B-05AE90A1FB6A}"
EndProject
Project("{FAE04EC0-301F-11D3-BF4B-00C04F79EFBC}") = "MobileHtmlAgilityPack", "..\MobileHtmlAgilityPack\MobileHtmlAgilityPack.csproj", "{D91DC8A9-454E-4CB9-96BE-19652A67D0A4}"
EndProject
Project("{FAE04EC0-301F-11D3-BF4B-00C04F79EFBC}") = "CSharpNameParser", "..\CSharp-Name-Parser\CSharpNameParser\CSharpNameParser.csproj", "{BCCFA67D-78B7-4D93-85F2-A03704165A93}"
EndProject
Project("{FAE04EC0-301F-11D3-BF4B-00C04F79EFBC}") = "antlr.runtime.Android", "..\DDay-iCal-Xamarin\antlr.runtime.Android\antlr.runtime.Android.csproj", "{1923FB99-0E59-4774-8AA9-C14B9BC3F655}"
EndProject
Project("{FAE04EC0-301F-11D3-BF4B-00C04F79EFBC}") = "DDay.Collections.Android", "..\DDay-iCal-Xamarin\DDay.Collections.Android\DDay.Collections.Android.csproj", "{B1C25481-681E-4D29-86B0-81F8FE327E0B}"
EndProject
Project("{FAE04EC0-301F-11D3-BF4B-00C04F79EFBC}") = "DDay.iCal.Android", "..\DDay-iCal-Xamarin\DDay.iCal.Android\DDay.iCal.Android.csproj", "{7CDD1BB5-9CD8-421B-8BC9-89F335170BBB}"
EndProject
Project("{FAE04EC0-301F-11D3-BF4B-00C04F79EFBC}") = "TokenAutoCompleteBinding", "..\TokenAutoCompleteBinding\TokenAutoCompleteBinding\TokenAutoCompleteBinding.csproj", "{17E3A80E-B371-4138-AB0F-7176BF026EAF}"
EndProject
Project("{FAE04EC0-301F-11D3-BF4B-00C04F79EFBC}") = "rtfparserkitBinding", "..\rtfparserkitBinding\rtfparserkitBinding\rtfparserkitBinding.csproj", "{40A75D1C-1C71-41F5-9B84-A3884CD1EE81}"
EndProject
Project("{FAE04EC0-301F-11D3-BF4B-00C04F79EFBC}") = "OkHttp", "..\OkHttp-Xamarin\OkHttp\OkHttp.csproj", "{133270E5-3A11-4A4A-A4AD-1D89FC9DBAAF}"
EndProject
Project("{FAE04EC0-301F-11D3-BF4B-00C04F79EFBC}") = "NachoClientShare.iOS", "NachoClientShare.iOS\NachoClientShare.iOS.csproj", "{4E723051-3DD7-4CD4-A2D9-C82E5B7E2560}"
EndProject
Project("{D954291E-2A0B-460D-934E-DC6B0785DB48}") = "NachoCore", "NachoCore\NachoCore.shproj", "{85F06863-53BA-4EA6-A94A-2B322341815C}"
EndProject
Project("{FAE04EC0-301F-11D3-BF4B-00C04F79EFBC}") = "NachoClient.Mac", "NachoClient.Mac\NachoClient.Mac.csproj", "{58E5D19B-A679-49DD-9926-463B985E4450}"
EndProject
Project("{FAE04EC0-301F-11D3-BF4B-00C04F79EFBC}") = "antlr.runtime", "..\DDay-iCal-Xamarin\antlr\antlr.runtime\antlr.runtime.csproj", "{CB7CC882-ED47-46C0-AAAE-7A437F22F1C6}"
EndProject
Project("{FAE04EC0-301F-11D3-BF4B-00C04F79EFBC}") = "DDay.Collections", "..\DDay-iCal-Xamarin\DDay.Collections\DDay.Collections\DDay.Collections.csproj", "{E04EFEB6-4625-4D58-AC91-7B8B8A2C97BB}"
EndProject
Project("{FAE04EC0-301F-11D3-BF4B-00C04F79EFBC}") = "DDay.iCal", "..\DDay-iCal-Xamarin\DDay.iCal\DDay.iCal.csproj", "{F88DB6D3-CB95-4707-9C88-B53403AADC61}"
EndProject
Project("{FAE04EC0-301F-11D3-BF4B-00C04F79EFBC}") = "DnDns", "..\DnDns\SourceCode\DnDns\DnDns\DnDns.csproj", "{53089CAB-AE06-4BE6-9E23-CCCC03730EEA}"
EndProject
Project("{2150E333-8FDC-42A3-9474-1A3956D46DE8}") = "Libraries", "Libraries", "{3983A035-F8AA-4204-8CCE-DC0F24577DA3}"
EndProject
Project("{2150E333-8FDC-42A3-9474-1A3956D46DE8}") = "Tests", "Tests", "{86E49005-9CF3-4A3D-8B0D-8C9AB311D225}"
EndProject
Project("{FAE04EC0-301F-11D3-BF4B-00C04F79EFBC}") = "NachoClientCallerID.iOS", "NachoClientCallerID.iOS\NachoClientCallerID.iOS.csproj", "{35569ADA-0F82-4AB7-A5D7-AA5B71357836}"
EndProject
Project("{D954291E-2A0B-460D-934E-DC6B0785DB48}") = "SQLite", "SQLite\SQLite.shproj", "{AF702B25-2CA3-4E87-81B0-64D9EC9CEF21}"
EndProject
Global
	GlobalSection(SolutionConfigurationPlatforms) = preSolution
		Debug|Any CPU = Debug|Any CPU
		Release|Any CPU = Release|Any CPU
		Debug|iPhoneSimulator = Debug|iPhoneSimulator
		Release|iPhoneSimulator = Release|iPhoneSimulator
		Debug|iPhone = Debug|iPhone
		Release|iPhone = Release|iPhone
		Ad-Hoc|iPhone = Ad-Hoc|iPhone
		AppStore|iPhone = AppStore|iPhone
	EndGlobalSection
	GlobalSection(ProjectConfigurationPlatforms) = postSolution
		{0614D746-209D-4EDA-B732-DC6CF8964579}.Debug|Any CPU.ActiveCfg = Debug|iPhoneSimulator
		{0614D746-209D-4EDA-B732-DC6CF8964579}.Debug|Any CPU.Build.0 = Debug|iPhoneSimulator
		{0614D746-209D-4EDA-B732-DC6CF8964579}.Debug|iPhone.ActiveCfg = Debug|iPhone
		{0614D746-209D-4EDA-B732-DC6CF8964579}.Debug|iPhone.Build.0 = Debug|iPhone
		{0614D746-209D-4EDA-B732-DC6CF8964579}.Debug|iPhoneSimulator.ActiveCfg = Debug|iPhoneSimulator
		{0614D746-209D-4EDA-B732-DC6CF8964579}.Debug|iPhoneSimulator.Build.0 = Debug|iPhoneSimulator
		{0614D746-209D-4EDA-B732-DC6CF8964579}.Release|Any CPU.ActiveCfg = Release|iPhone
		{0614D746-209D-4EDA-B732-DC6CF8964579}.Release|Any CPU.Build.0 = Release|iPhone
		{0614D746-209D-4EDA-B732-DC6CF8964579}.Release|iPhone.ActiveCfg = Release|iPhone
		{0614D746-209D-4EDA-B732-DC6CF8964579}.Release|iPhone.Build.0 = Release|iPhone
		{133270E5-3A11-4A4A-A4AD-1D89FC9DBAAF}.Debug|Any CPU.ActiveCfg = Debug|Any CPU
		{133270E5-3A11-4A4A-A4AD-1D89FC9DBAAF}.Debug|Any CPU.Build.0 = Debug|Any CPU
		{133270E5-3A11-4A4A-A4AD-1D89FC9DBAAF}.Debug|iPhone.ActiveCfg = Debug|Any CPU
		{133270E5-3A11-4A4A-A4AD-1D89FC9DBAAF}.Debug|iPhone.Build.0 = Debug|Any CPU
		{133270E5-3A11-4A4A-A4AD-1D89FC9DBAAF}.Debug|iPhoneSimulator.ActiveCfg = Debug|Any CPU
		{133270E5-3A11-4A4A-A4AD-1D89FC9DBAAF}.Debug|iPhoneSimulator.Build.0 = Debug|Any CPU
		{133270E5-3A11-4A4A-A4AD-1D89FC9DBAAF}.Release|Any CPU.ActiveCfg = Release|Any CPU
		{133270E5-3A11-4A4A-A4AD-1D89FC9DBAAF}.Release|Any CPU.Build.0 = Release|Any CPU
		{133270E5-3A11-4A4A-A4AD-1D89FC9DBAAF}.Release|iPhone.ActiveCfg = Release|Any CPU
		{133270E5-3A11-4A4A-A4AD-1D89FC9DBAAF}.Release|iPhone.Build.0 = Release|Any CPU
		{17E3A80E-B371-4138-AB0F-7176BF026EAF}.Debug|Any CPU.ActiveCfg = Debug|Any CPU
		{17E3A80E-B371-4138-AB0F-7176BF026EAF}.Debug|Any CPU.Build.0 = Debug|Any CPU
		{17E3A80E-B371-4138-AB0F-7176BF026EAF}.Debug|iPhone.ActiveCfg = Debug|Any CPU
		{17E3A80E-B371-4138-AB0F-7176BF026EAF}.Debug|iPhone.Build.0 = Debug|Any CPU
		{17E3A80E-B371-4138-AB0F-7176BF026EAF}.Debug|iPhoneSimulator.ActiveCfg = Debug|Any CPU
		{17E3A80E-B371-4138-AB0F-7176BF026EAF}.Debug|iPhoneSimulator.Build.0 = Debug|Any CPU
		{17E3A80E-B371-4138-AB0F-7176BF026EAF}.Release|Any CPU.ActiveCfg = Release|Any CPU
		{17E3A80E-B371-4138-AB0F-7176BF026EAF}.Release|Any CPU.Build.0 = Release|Any CPU
		{17E3A80E-B371-4138-AB0F-7176BF026EAF}.Release|iPhone.ActiveCfg = Release|Any CPU
		{17E3A80E-B371-4138-AB0F-7176BF026EAF}.Release|iPhone.Build.0 = Release|Any CPU
		{1923FB99-0E59-4774-8AA9-C14B9BC3F655}.Debug|Any CPU.ActiveCfg = Debug|Any CPU
		{1923FB99-0E59-4774-8AA9-C14B9BC3F655}.Debug|Any CPU.Build.0 = Debug|Any CPU
		{1923FB99-0E59-4774-8AA9-C14B9BC3F655}.Debug|iPhone.ActiveCfg = Debug|Any CPU
		{1923FB99-0E59-4774-8AA9-C14B9BC3F655}.Debug|iPhone.Build.0 = Debug|Any CPU
		{1923FB99-0E59-4774-8AA9-C14B9BC3F655}.Debug|iPhoneSimulator.ActiveCfg = Debug|Any CPU
		{1923FB99-0E59-4774-8AA9-C14B9BC3F655}.Debug|iPhoneSimulator.Build.0 = Debug|Any CPU
		{1923FB99-0E59-4774-8AA9-C14B9BC3F655}.Release|Any CPU.ActiveCfg = Release|Any CPU
		{1923FB99-0E59-4774-8AA9-C14B9BC3F655}.Release|Any CPU.Build.0 = Release|Any CPU
		{1923FB99-0E59-4774-8AA9-C14B9BC3F655}.Release|iPhone.ActiveCfg = Release|Any CPU
		{1923FB99-0E59-4774-8AA9-C14B9BC3F655}.Release|iPhone.Build.0 = Release|Any CPU
		{1B095A78-F50A-449F-A3C4-D5662AD32717}.Debug|Any CPU.ActiveCfg = Debug|Any CPU
		{1B095A78-F50A-449F-A3C4-D5662AD32717}.Debug|Any CPU.Build.0 = Debug|Any CPU
		{1B095A78-F50A-449F-A3C4-D5662AD32717}.Debug|iPhone.ActiveCfg = Debug|Any CPU
		{1B095A78-F50A-449F-A3C4-D5662AD32717}.Debug|iPhone.Build.0 = Debug|Any CPU
		{1B095A78-F50A-449F-A3C4-D5662AD32717}.Debug|iPhoneSimulator.ActiveCfg = Debug|Any CPU
		{1B095A78-F50A-449F-A3C4-D5662AD32717}.Debug|iPhoneSimulator.Build.0 = Debug|Any CPU
		{1B095A78-F50A-449F-A3C4-D5662AD32717}.Release|Any CPU.ActiveCfg = Release|Any CPU
		{1B095A78-F50A-449F-A3C4-D5662AD32717}.Release|Any CPU.Build.0 = Release|Any CPU
		{1B095A78-F50A-449F-A3C4-D5662AD32717}.Release|iPhone.ActiveCfg = Release|Any CPU
		{1B095A78-F50A-449F-A3C4-D5662AD32717}.Release|iPhone.Build.0 = Release|Any CPU
		{3043ADD2-B6EF-4392-B5E4-983B63260039}.Debug|Any CPU.ActiveCfg = Debug|Any CPU
		{3043ADD2-B6EF-4392-B5E4-983B63260039}.Debug|Any CPU.Build.0 = Debug|Any CPU
		{3043ADD2-B6EF-4392-B5E4-983B63260039}.Debug|iPhone.ActiveCfg = Debug|Any CPU
		{3043ADD2-B6EF-4392-B5E4-983B63260039}.Debug|iPhone.Build.0 = Debug|Any CPU
		{3043ADD2-B6EF-4392-B5E4-983B63260039}.Debug|iPhoneSimulator.ActiveCfg = Debug|Any CPU
		{3043ADD2-B6EF-4392-B5E4-983B63260039}.Debug|iPhoneSimulator.Build.0 = Debug|Any CPU
		{3043ADD2-B6EF-4392-B5E4-983B63260039}.Release|Any CPU.ActiveCfg = Release|Any CPU
		{3043ADD2-B6EF-4392-B5E4-983B63260039}.Release|Any CPU.Build.0 = Release|Any CPU
		{3043ADD2-B6EF-4392-B5E4-983B63260039}.Release|iPhone.ActiveCfg = Release|Any CPU
		{3043ADD2-B6EF-4392-B5E4-983B63260039}.Release|iPhone.Build.0 = Release|Any CPU
		{35BDE52C-1FAD-42BB-841B-9298F354AFE8}.Debug|Any CPU.ActiveCfg = Debug|Any CPU
		{35BDE52C-1FAD-42BB-841B-9298F354AFE8}.Debug|Any CPU.Build.0 = Debug|Any CPU
		{35BDE52C-1FAD-42BB-841B-9298F354AFE8}.Debug|iPhone.ActiveCfg = Debug|Any CPU
		{35BDE52C-1FAD-42BB-841B-9298F354AFE8}.Debug|iPhone.Build.0 = Debug|Any CPU
		{35BDE52C-1FAD-42BB-841B-9298F354AFE8}.Debug|iPhoneSimulator.ActiveCfg = Debug|Any CPU
		{35BDE52C-1FAD-42BB-841B-9298F354AFE8}.Debug|iPhoneSimulator.Build.0 = Debug|Any CPU
		{35BDE52C-1FAD-42BB-841B-9298F354AFE8}.Release|Any CPU.ActiveCfg = Release|Any CPU
		{35BDE52C-1FAD-42BB-841B-9298F354AFE8}.Release|Any CPU.Build.0 = Release|Any CPU
		{35BDE52C-1FAD-42BB-841B-9298F354AFE8}.Release|iPhone.ActiveCfg = Release|Any CPU
		{35BDE52C-1FAD-42BB-841B-9298F354AFE8}.Release|iPhone.Build.0 = Release|Any CPU
		{40A75D1C-1C71-41F5-9B84-A3884CD1EE81}.Debug|Any CPU.ActiveCfg = Debug|Any CPU
		{40A75D1C-1C71-41F5-9B84-A3884CD1EE81}.Debug|Any CPU.Build.0 = Debug|Any CPU
		{40A75D1C-1C71-41F5-9B84-A3884CD1EE81}.Debug|iPhone.ActiveCfg = Debug|Any CPU
		{40A75D1C-1C71-41F5-9B84-A3884CD1EE81}.Debug|iPhone.Build.0 = Debug|Any CPU
		{40A75D1C-1C71-41F5-9B84-A3884CD1EE81}.Debug|iPhoneSimulator.ActiveCfg = Debug|Any CPU
		{40A75D1C-1C71-41F5-9B84-A3884CD1EE81}.Debug|iPhoneSimulator.Build.0 = Debug|Any CPU
		{40A75D1C-1C71-41F5-9B84-A3884CD1EE81}.Release|Any CPU.ActiveCfg = Release|Any CPU
		{40A75D1C-1C71-41F5-9B84-A3884CD1EE81}.Release|Any CPU.Build.0 = Release|Any CPU
		{40A75D1C-1C71-41F5-9B84-A3884CD1EE81}.Release|iPhone.ActiveCfg = Release|Any CPU
		{40A75D1C-1C71-41F5-9B84-A3884CD1EE81}.Release|iPhone.Build.0 = Release|Any CPU
		{4E723051-3DD7-4CD4-A2D9-C82E5B7E2560}.Debug|Any CPU.ActiveCfg = Debug|iPhoneSimulator
		{4E723051-3DD7-4CD4-A2D9-C82E5B7E2560}.Debug|Any CPU.Build.0 = Debug|iPhoneSimulator
		{4E723051-3DD7-4CD4-A2D9-C82E5B7E2560}.Debug|iPhone.ActiveCfg = Debug|iPhone
		{4E723051-3DD7-4CD4-A2D9-C82E5B7E2560}.Debug|iPhone.Build.0 = Debug|iPhone
		{4E723051-3DD7-4CD4-A2D9-C82E5B7E2560}.Debug|iPhoneSimulator.ActiveCfg = Debug|iPhoneSimulator
		{4E723051-3DD7-4CD4-A2D9-C82E5B7E2560}.Debug|iPhoneSimulator.Build.0 = Debug|iPhoneSimulator
		{4E723051-3DD7-4CD4-A2D9-C82E5B7E2560}.Release|Any CPU.ActiveCfg = Release|iPhone
		{4E723051-3DD7-4CD4-A2D9-C82E5B7E2560}.Release|Any CPU.Build.0 = Release|iPhone
		{4E723051-3DD7-4CD4-A2D9-C82E5B7E2560}.Release|iPhone.ActiveCfg = Release|iPhone
		{4E723051-3DD7-4CD4-A2D9-C82E5B7E2560}.Release|iPhone.Build.0 = Release|iPhone
		{53089CAB-AE06-4BE6-9E23-CCCC03730EEA}.Debug|Any CPU.ActiveCfg = Debug|Any CPU
		{53089CAB-AE06-4BE6-9E23-CCCC03730EEA}.Debug|Any CPU.Build.0 = Debug|Any CPU
		{53089CAB-AE06-4BE6-9E23-CCCC03730EEA}.Debug|iPhone.ActiveCfg = Debug|Any CPU
		{53089CAB-AE06-4BE6-9E23-CCCC03730EEA}.Debug|iPhone.Build.0 = Debug|Any CPU
		{53089CAB-AE06-4BE6-9E23-CCCC03730EEA}.Debug|iPhoneSimulator.ActiveCfg = Debug|Any CPU
		{53089CAB-AE06-4BE6-9E23-CCCC03730EEA}.Debug|iPhoneSimulator.Build.0 = Debug|Any CPU
		{53089CAB-AE06-4BE6-9E23-CCCC03730EEA}.Release|Any CPU.ActiveCfg = Release|Any CPU
		{53089CAB-AE06-4BE6-9E23-CCCC03730EEA}.Release|Any CPU.Build.0 = Release|Any CPU
		{53089CAB-AE06-4BE6-9E23-CCCC03730EEA}.Release|iPhone.ActiveCfg = Release|Any CPU
		{53089CAB-AE06-4BE6-9E23-CCCC03730EEA}.Release|iPhone.Build.0 = Release|Any CPU
		{58E5D19B-A679-49DD-9926-463B985E4450}.Debug|Any CPU.ActiveCfg = Debug|Any CPU
		{58E5D19B-A679-49DD-9926-463B985E4450}.Debug|Any CPU.Build.0 = Debug|Any CPU
		{58E5D19B-A679-49DD-9926-463B985E4450}.Debug|iPhone.ActiveCfg = Debug|Any CPU
		{58E5D19B-A679-49DD-9926-463B985E4450}.Debug|iPhone.Build.0 = Debug|Any CPU
		{58E5D19B-A679-49DD-9926-463B985E4450}.Debug|iPhoneSimulator.ActiveCfg = Debug|Any CPU
		{58E5D19B-A679-49DD-9926-463B985E4450}.Debug|iPhoneSimulator.Build.0 = Debug|Any CPU
		{58E5D19B-A679-49DD-9926-463B985E4450}.Release|Any CPU.ActiveCfg = Release|Any CPU
		{58E5D19B-A679-49DD-9926-463B985E4450}.Release|Any CPU.Build.0 = Release|Any CPU
		{58E5D19B-A679-49DD-9926-463B985E4450}.Release|iPhone.ActiveCfg = Release|Any CPU
		{58E5D19B-A679-49DD-9926-463B985E4450}.Release|iPhone.Build.0 = Release|Any CPU
		{5B0CBAEC-6681-423C-B2B1-E3886A5BDF6C}.Debug|Any CPU.ActiveCfg = Debug|Any CPU
		{5B0CBAEC-6681-423C-B2B1-E3886A5BDF6C}.Debug|Any CPU.Build.0 = Debug|Any CPU
		{5B0CBAEC-6681-423C-B2B1-E3886A5BDF6C}.Debug|iPhone.ActiveCfg = Debug|Any CPU
		{5B0CBAEC-6681-423C-B2B1-E3886A5BDF6C}.Debug|iPhone.Build.0 = Debug|Any CPU
		{5B0CBAEC-6681-423C-B2B1-E3886A5BDF6C}.Debug|iPhoneSimulator.ActiveCfg = Debug|Any CPU
		{5B0CBAEC-6681-423C-B2B1-E3886A5BDF6C}.Debug|iPhoneSimulator.Build.0 = Debug|Any CPU
		{5B0CBAEC-6681-423C-B2B1-E3886A5BDF6C}.Release|Any CPU.ActiveCfg = Release|Any CPU
		{5B0CBAEC-6681-423C-B2B1-E3886A5BDF6C}.Release|Any CPU.Build.0 = Release|Any CPU
		{5B0CBAEC-6681-423C-B2B1-E3886A5BDF6C}.Release|iPhone.ActiveCfg = Release|Any CPU
		{5B0CBAEC-6681-423C-B2B1-E3886A5BDF6C}.Release|iPhone.Build.0 = Release|Any CPU
		{6F68E3AD-B80E-4980-8476-7ADDFFFF6672}.Debug|Any CPU.ActiveCfg = Debug|Any CPU
		{6F68E3AD-B80E-4980-8476-7ADDFFFF6672}.Debug|Any CPU.Build.0 = Debug|Any CPU
		{6F68E3AD-B80E-4980-8476-7ADDFFFF6672}.Debug|iPhone.ActiveCfg = Debug|Any CPU
		{6F68E3AD-B80E-4980-8476-7ADDFFFF6672}.Debug|iPhone.Build.0 = Debug|Any CPU
		{6F68E3AD-B80E-4980-8476-7ADDFFFF6672}.Debug|iPhoneSimulator.ActiveCfg = Debug|Any CPU
		{6F68E3AD-B80E-4980-8476-7ADDFFFF6672}.Debug|iPhoneSimulator.Build.0 = Debug|Any CPU
		{6F68E3AD-B80E-4980-8476-7ADDFFFF6672}.Release|Any CPU.ActiveCfg = Release|Any CPU
		{6F68E3AD-B80E-4980-8476-7ADDFFFF6672}.Release|Any CPU.Build.0 = Release|Any CPU
		{6F68E3AD-B80E-4980-8476-7ADDFFFF6672}.Release|iPhone.ActiveCfg = Release|Any CPU
		{6F68E3AD-B80E-4980-8476-7ADDFFFF6672}.Release|iPhone.Build.0 = Release|Any CPU
		{7B5D1554-2619-4B46-BE91-585C896047AC}.Debug|Any CPU.ActiveCfg = Debug|iPhoneSimulator
		{7B5D1554-2619-4B46-BE91-585C896047AC}.Debug|Any CPU.Build.0 = Debug|iPhoneSimulator
		{7B5D1554-2619-4B46-BE91-585C896047AC}.Debug|iPhone.ActiveCfg = Debug|iPhone
		{7B5D1554-2619-4B46-BE91-585C896047AC}.Debug|iPhone.Build.0 = Debug|iPhone
		{7B5D1554-2619-4B46-BE91-585C896047AC}.Debug|iPhoneSimulator.ActiveCfg = Debug|iPhoneSimulator
		{7B5D1554-2619-4B46-BE91-585C896047AC}.Debug|iPhoneSimulator.Build.0 = Debug|iPhoneSimulator
		{7B5D1554-2619-4B46-BE91-585C896047AC}.Release|Any CPU.ActiveCfg = Release|iPhone
		{7B5D1554-2619-4B46-BE91-585C896047AC}.Release|Any CPU.Build.0 = Release|iPhone
		{7B5D1554-2619-4B46-BE91-585C896047AC}.Release|iPhone.ActiveCfg = Release|iPhone
		{7B5D1554-2619-4B46-BE91-585C896047AC}.Release|iPhone.Build.0 = Release|iPhone
		{7CDD1BB5-9CD8-421B-8BC9-89F335170BBB}.Debug|Any CPU.ActiveCfg = Debug|Any CPU
		{7CDD1BB5-9CD8-421B-8BC9-89F335170BBB}.Debug|Any CPU.Build.0 = Debug|Any CPU
		{7CDD1BB5-9CD8-421B-8BC9-89F335170BBB}.Debug|iPhone.ActiveCfg = Debug|Any CPU
		{7CDD1BB5-9CD8-421B-8BC9-89F335170BBB}.Debug|iPhone.Build.0 = Debug|Any CPU
		{7CDD1BB5-9CD8-421B-8BC9-89F335170BBB}.Debug|iPhoneSimulator.ActiveCfg = Debug|Any CPU
		{7CDD1BB5-9CD8-421B-8BC9-89F335170BBB}.Debug|iPhoneSimulator.Build.0 = Debug|Any CPU
		{7CDD1BB5-9CD8-421B-8BC9-89F335170BBB}.Release|Any CPU.ActiveCfg = Release|Any CPU
		{7CDD1BB5-9CD8-421B-8BC9-89F335170BBB}.Release|Any CPU.Build.0 = Release|Any CPU
		{7CDD1BB5-9CD8-421B-8BC9-89F335170BBB}.Release|iPhone.ActiveCfg = Release|Any CPU
		{7CDD1BB5-9CD8-421B-8BC9-89F335170BBB}.Release|iPhone.Build.0 = Release|Any CPU
		{B0F398CA-1CAA-45FD-94DC-15BBF1A93377}.Debug|Any CPU.ActiveCfg = Debug|Any CPU
		{B0F398CA-1CAA-45FD-94DC-15BBF1A93377}.Debug|Any CPU.Build.0 = Debug|Any CPU
		{B0F398CA-1CAA-45FD-94DC-15BBF1A93377}.Debug|iPhone.ActiveCfg = Debug|Any CPU
		{B0F398CA-1CAA-45FD-94DC-15BBF1A93377}.Debug|iPhone.Build.0 = Debug|Any CPU
		{B0F398CA-1CAA-45FD-94DC-15BBF1A93377}.Debug|iPhoneSimulator.ActiveCfg = Debug|Any CPU
		{B0F398CA-1CAA-45FD-94DC-15BBF1A93377}.Debug|iPhoneSimulator.Build.0 = Debug|Any CPU
		{B0F398CA-1CAA-45FD-94DC-15BBF1A93377}.Release|Any CPU.ActiveCfg = Release|Any CPU
		{B0F398CA-1CAA-45FD-94DC-15BBF1A93377}.Release|Any CPU.Build.0 = Release|Any CPU
		{B0F398CA-1CAA-45FD-94DC-15BBF1A93377}.Release|iPhone.ActiveCfg = Release|Any CPU
		{B0F398CA-1CAA-45FD-94DC-15BBF1A93377}.Release|iPhone.Build.0 = Release|Any CPU
		{B1C25481-681E-4D29-86B0-81F8FE327E0B}.Debug|Any CPU.ActiveCfg = Debug|Any CPU
		{B1C25481-681E-4D29-86B0-81F8FE327E0B}.Debug|Any CPU.Build.0 = Debug|Any CPU
		{B1C25481-681E-4D29-86B0-81F8FE327E0B}.Debug|iPhone.ActiveCfg = Debug|Any CPU
		{B1C25481-681E-4D29-86B0-81F8FE327E0B}.Debug|iPhone.Build.0 = Debug|Any CPU
		{B1C25481-681E-4D29-86B0-81F8FE327E0B}.Debug|iPhoneSimulator.ActiveCfg = Debug|Any CPU
		{B1C25481-681E-4D29-86B0-81F8FE327E0B}.Debug|iPhoneSimulator.Build.0 = Debug|Any CPU
		{B1C25481-681E-4D29-86B0-81F8FE327E0B}.Release|Any CPU.ActiveCfg = Release|Any CPU
		{B1C25481-681E-4D29-86B0-81F8FE327E0B}.Release|Any CPU.Build.0 = Release|Any CPU
		{B1C25481-681E-4D29-86B0-81F8FE327E0B}.Release|iPhone.ActiveCfg = Release|Any CPU
		{B1C25481-681E-4D29-86B0-81F8FE327E0B}.Release|iPhone.Build.0 = Release|Any CPU
		{B516077B-652E-4AC9-B728-AB64B65044F4}.Debug|Any CPU.ActiveCfg = Debug|Any CPU
		{B516077B-652E-4AC9-B728-AB64B65044F4}.Debug|Any CPU.Build.0 = Debug|Any CPU
		{B516077B-652E-4AC9-B728-AB64B65044F4}.Debug|iPhone.ActiveCfg = Debug|Any CPU
		{B516077B-652E-4AC9-B728-AB64B65044F4}.Debug|iPhone.Build.0 = Debug|Any CPU
		{B516077B-652E-4AC9-B728-AB64B65044F4}.Debug|iPhoneSimulator.ActiveCfg = Debug|Any CPU
		{B516077B-652E-4AC9-B728-AB64B65044F4}.Debug|iPhoneSimulator.Build.0 = Debug|Any CPU
		{B516077B-652E-4AC9-B728-AB64B65044F4}.Release|Any CPU.ActiveCfg = Release|Any CPU
		{B516077B-652E-4AC9-B728-AB64B65044F4}.Release|Any CPU.Build.0 = Release|Any CPU
		{B516077B-652E-4AC9-B728-AB64B65044F4}.Release|iPhone.ActiveCfg = Release|Any CPU
		{B516077B-652E-4AC9-B728-AB64B65044F4}.Release|iPhone.Build.0 = Release|Any CPU
		{B7EE901B-1302-42C7-98D1-18666CB7D6DC}.Debug|Any CPU.ActiveCfg = Debug|Any CPU
		{B7EE901B-1302-42C7-98D1-18666CB7D6DC}.Debug|Any CPU.Build.0 = Debug|Any CPU
		{B7EE901B-1302-42C7-98D1-18666CB7D6DC}.Debug|iPhone.ActiveCfg = Debug|Any CPU
		{B7EE901B-1302-42C7-98D1-18666CB7D6DC}.Debug|iPhone.Build.0 = Debug|Any CPU
		{B7EE901B-1302-42C7-98D1-18666CB7D6DC}.Debug|iPhoneSimulator.ActiveCfg = Debug|Any CPU
		{B7EE901B-1302-42C7-98D1-18666CB7D6DC}.Debug|iPhoneSimulator.Build.0 = Debug|Any CPU
		{B7EE901B-1302-42C7-98D1-18666CB7D6DC}.Release|Any CPU.ActiveCfg = Release|Any CPU
		{B7EE901B-1302-42C7-98D1-18666CB7D6DC}.Release|Any CPU.Build.0 = Release|Any CPU
		{B7EE901B-1302-42C7-98D1-18666CB7D6DC}.Release|iPhone.ActiveCfg = Release|Any CPU
		{B7EE901B-1302-42C7-98D1-18666CB7D6DC}.Release|iPhone.Build.0 = Release|Any CPU
		{BCCFA67D-78B7-4D93-85F2-A03704165A93}.Debug|Any CPU.ActiveCfg = Debug|Any CPU
		{BCCFA67D-78B7-4D93-85F2-A03704165A93}.Debug|Any CPU.Build.0 = Debug|Any CPU
		{BCCFA67D-78B7-4D93-85F2-A03704165A93}.Debug|iPhone.ActiveCfg = Debug|Any CPU
		{BCCFA67D-78B7-4D93-85F2-A03704165A93}.Debug|iPhone.Build.0 = Debug|Any CPU
		{BCCFA67D-78B7-4D93-85F2-A03704165A93}.Debug|iPhoneSimulator.ActiveCfg = Debug|Any CPU
		{BCCFA67D-78B7-4D93-85F2-A03704165A93}.Debug|iPhoneSimulator.Build.0 = Debug|Any CPU
		{BCCFA67D-78B7-4D93-85F2-A03704165A93}.Release|Any CPU.ActiveCfg = Release|Any CPU
		{BCCFA67D-78B7-4D93-85F2-A03704165A93}.Release|Any CPU.Build.0 = Release|Any CPU
		{BCCFA67D-78B7-4D93-85F2-A03704165A93}.Release|iPhone.ActiveCfg = Release|Any CPU
		{BCCFA67D-78B7-4D93-85F2-A03704165A93}.Release|iPhone.Build.0 = Release|Any CPU
		{CB7CC882-ED47-46C0-AAAE-7A437F22F1C6}.Debug|Any CPU.ActiveCfg = Debug|Any CPU
		{CB7CC882-ED47-46C0-AAAE-7A437F22F1C6}.Debug|Any CPU.Build.0 = Debug|Any CPU
		{CB7CC882-ED47-46C0-AAAE-7A437F22F1C6}.Debug|iPhone.ActiveCfg = Debug|Any CPU
		{CB7CC882-ED47-46C0-AAAE-7A437F22F1C6}.Debug|iPhone.Build.0 = Debug|Any CPU
		{CB7CC882-ED47-46C0-AAAE-7A437F22F1C6}.Debug|iPhoneSimulator.ActiveCfg = Debug|Any CPU
		{CB7CC882-ED47-46C0-AAAE-7A437F22F1C6}.Debug|iPhoneSimulator.Build.0 = Debug|Any CPU
		{CB7CC882-ED47-46C0-AAAE-7A437F22F1C6}.Release|Any CPU.ActiveCfg = Release|Any CPU
		{CB7CC882-ED47-46C0-AAAE-7A437F22F1C6}.Release|Any CPU.Build.0 = Release|Any CPU
		{CB7CC882-ED47-46C0-AAAE-7A437F22F1C6}.Release|iPhone.ActiveCfg = Release|Any CPU
		{CB7CC882-ED47-46C0-AAAE-7A437F22F1C6}.Release|iPhone.Build.0 = Release|Any CPU
		{D1408661-612A-4362-B534-5BF16C7A8BE0}.Debug|Any CPU.ActiveCfg = Debug|Any CPU
		{D1408661-612A-4362-B534-5BF16C7A8BE0}.Debug|Any CPU.Build.0 = Debug|Any CPU
		{D1408661-612A-4362-B534-5BF16C7A8BE0}.Debug|iPhone.ActiveCfg = Debug|Any CPU
		{D1408661-612A-4362-B534-5BF16C7A8BE0}.Debug|iPhone.Build.0 = Debug|Any CPU
		{D1408661-612A-4362-B534-5BF16C7A8BE0}.Debug|iPhoneSimulator.ActiveCfg = Debug|Any CPU
		{D1408661-612A-4362-B534-5BF16C7A8BE0}.Debug|iPhoneSimulator.Build.0 = Debug|Any CPU
		{D1408661-612A-4362-B534-5BF16C7A8BE0}.Release|Any CPU.ActiveCfg = Release|Any CPU
		{D1408661-612A-4362-B534-5BF16C7A8BE0}.Release|Any CPU.Build.0 = Release|Any CPU
		{D1408661-612A-4362-B534-5BF16C7A8BE0}.Release|iPhone.ActiveCfg = Release|Any CPU
		{D1408661-612A-4362-B534-5BF16C7A8BE0}.Release|iPhone.Build.0 = Release|Any CPU
		{D91DC8A9-454E-4CB9-96BE-19652A67D0A4}.Debug|Any CPU.ActiveCfg = Debug|Any CPU
		{D91DC8A9-454E-4CB9-96BE-19652A67D0A4}.Debug|Any CPU.Build.0 = Debug|Any CPU
		{D91DC8A9-454E-4CB9-96BE-19652A67D0A4}.Debug|iPhone.ActiveCfg = Debug|Any CPU
		{D91DC8A9-454E-4CB9-96BE-19652A67D0A4}.Debug|iPhone.Build.0 = Debug|Any CPU
		{D91DC8A9-454E-4CB9-96BE-19652A67D0A4}.Debug|iPhoneSimulator.ActiveCfg = Debug|Any CPU
		{D91DC8A9-454E-4CB9-96BE-19652A67D0A4}.Debug|iPhoneSimulator.Build.0 = Debug|Any CPU
		{D91DC8A9-454E-4CB9-96BE-19652A67D0A4}.Release|Any CPU.ActiveCfg = Release|Any CPU
		{D91DC8A9-454E-4CB9-96BE-19652A67D0A4}.Release|Any CPU.Build.0 = Release|Any CPU
		{D91DC8A9-454E-4CB9-96BE-19652A67D0A4}.Release|iPhone.ActiveCfg = Release|Any CPU
		{D91DC8A9-454E-4CB9-96BE-19652A67D0A4}.Release|iPhone.Build.0 = Release|Any CPU
		{DBEE91B8-DF39-4008-9AC2-D7D1F3737449}.Debug|Any CPU.ActiveCfg = Debug|Any CPU
		{DBEE91B8-DF39-4008-9AC2-D7D1F3737449}.Debug|Any CPU.Build.0 = Debug|Any CPU
		{DBEE91B8-DF39-4008-9AC2-D7D1F3737449}.Debug|iPhone.ActiveCfg = Debug|Any CPU
		{DBEE91B8-DF39-4008-9AC2-D7D1F3737449}.Debug|iPhone.Build.0 = Debug|Any CPU
		{DBEE91B8-DF39-4008-9AC2-D7D1F3737449}.Debug|iPhoneSimulator.ActiveCfg = Debug|Any CPU
		{DBEE91B8-DF39-4008-9AC2-D7D1F3737449}.Debug|iPhoneSimulator.Build.0 = Debug|Any CPU
		{DBEE91B8-DF39-4008-9AC2-D7D1F3737449}.Release|Any CPU.ActiveCfg = Release|Any CPU
		{DBEE91B8-DF39-4008-9AC2-D7D1F3737449}.Release|Any CPU.Build.0 = Release|Any CPU
		{DBEE91B8-DF39-4008-9AC2-D7D1F3737449}.Release|iPhone.ActiveCfg = Release|Any CPU
		{DBEE91B8-DF39-4008-9AC2-D7D1F3737449}.Release|iPhone.Build.0 = Release|Any CPU
		{E04EFEB6-4625-4D58-AC91-7B8B8A2C97BB}.Debug|Any CPU.ActiveCfg = Debug|Any CPU
		{E04EFEB6-4625-4D58-AC91-7B8B8A2C97BB}.Debug|Any CPU.Build.0 = Debug|Any CPU
		{E04EFEB6-4625-4D58-AC91-7B8B8A2C97BB}.Debug|iPhone.ActiveCfg = Debug|Any CPU
		{E04EFEB6-4625-4D58-AC91-7B8B8A2C97BB}.Debug|iPhone.Build.0 = Debug|Any CPU
		{E04EFEB6-4625-4D58-AC91-7B8B8A2C97BB}.Debug|iPhoneSimulator.ActiveCfg = Debug|Any CPU
		{E04EFEB6-4625-4D58-AC91-7B8B8A2C97BB}.Debug|iPhoneSimulator.Build.0 = Debug|Any CPU
		{E04EFEB6-4625-4D58-AC91-7B8B8A2C97BB}.Release|Any CPU.ActiveCfg = Release|Any CPU
		{E04EFEB6-4625-4D58-AC91-7B8B8A2C97BB}.Release|Any CPU.Build.0 = Release|Any CPU
		{E04EFEB6-4625-4D58-AC91-7B8B8A2C97BB}.Release|iPhone.ActiveCfg = Release|Any CPU
		{E04EFEB6-4625-4D58-AC91-7B8B8A2C97BB}.Release|iPhone.Build.0 = Release|Any CPU
		{F88DB6D3-CB95-4707-9C88-B53403AADC61}.Debug|Any CPU.ActiveCfg = Debug|Any CPU
		{F88DB6D3-CB95-4707-9C88-B53403AADC61}.Debug|Any CPU.Build.0 = Debug|Any CPU
		{F88DB6D3-CB95-4707-9C88-B53403AADC61}.Debug|iPhone.ActiveCfg = Debug|Any CPU
		{F88DB6D3-CB95-4707-9C88-B53403AADC61}.Debug|iPhone.Build.0 = Debug|Any CPU
		{F88DB6D3-CB95-4707-9C88-B53403AADC61}.Debug|iPhoneSimulator.ActiveCfg = Debug|Any CPU
		{F88DB6D3-CB95-4707-9C88-B53403AADC61}.Debug|iPhoneSimulator.Build.0 = Debug|Any CPU
		{F88DB6D3-CB95-4707-9C88-B53403AADC61}.Release|Any CPU.ActiveCfg = Release|Any CPU
		{F88DB6D3-CB95-4707-9C88-B53403AADC61}.Release|Any CPU.Build.0 = Release|Any CPU
		{F88DB6D3-CB95-4707-9C88-B53403AADC61}.Release|iPhone.ActiveCfg = Release|Any CPU
		{F88DB6D3-CB95-4707-9C88-B53403AADC61}.Release|iPhone.Build.0 = Release|Any CPU
		{F930802F-193C-4388-820B-05AE90A1FB6A}.Debug|Any CPU.ActiveCfg = Debug|Any CPU
		{F930802F-193C-4388-820B-05AE90A1FB6A}.Debug|Any CPU.Build.0 = Debug|Any CPU
		{F930802F-193C-4388-820B-05AE90A1FB6A}.Debug|iPhone.ActiveCfg = Debug|Any CPU
		{F930802F-193C-4388-820B-05AE90A1FB6A}.Debug|iPhone.Build.0 = Debug|Any CPU
		{F930802F-193C-4388-820B-05AE90A1FB6A}.Debug|iPhoneSimulator.ActiveCfg = Debug|Any CPU
		{F930802F-193C-4388-820B-05AE90A1FB6A}.Debug|iPhoneSimulator.Build.0 = Debug|Any CPU
		{F930802F-193C-4388-820B-05AE90A1FB6A}.Release|Any CPU.ActiveCfg = Release|Any CPU
		{F930802F-193C-4388-820B-05AE90A1FB6A}.Release|Any CPU.Build.0 = Release|Any CPU
		{F930802F-193C-4388-820B-05AE90A1FB6A}.Release|iPhone.ActiveCfg = Release|Any CPU
		{F930802F-193C-4388-820B-05AE90A1FB6A}.Release|iPhone.Build.0 = Release|Any CPU
		{E301B932-D165-4A65-8916-3E80C000B6AC}.Ad-Hoc|iPhone.ActiveCfg = Release|Any CPU
		{E301B932-D165-4A65-8916-3E80C000B6AC}.Ad-Hoc|iPhone.Build.0 = Release|Any CPU
		{E301B932-D165-4A65-8916-3E80C000B6AC}.AppStore|iPhone.ActiveCfg = Release|Any CPU
		{E301B932-D165-4A65-8916-3E80C000B6AC}.AppStore|iPhone.Build.0 = Release|Any CPU
		{E301B932-D165-4A65-8916-3E80C000B6AC}.Debug|Any CPU.ActiveCfg = Debug|Any CPU
		{E301B932-D165-4A65-8916-3E80C000B6AC}.Debug|Any CPU.Build.0 = Debug|Any CPU
		{E301B932-D165-4A65-8916-3E80C000B6AC}.Debug|iPhone.ActiveCfg = Debug|Any CPU
		{E301B932-D165-4A65-8916-3E80C000B6AC}.Debug|iPhone.Build.0 = Debug|Any CPU
		{E301B932-D165-4A65-8916-3E80C000B6AC}.Debug|iPhoneSimulator.ActiveCfg = Debug|Any CPU
		{E301B932-D165-4A65-8916-3E80C000B6AC}.Debug|iPhoneSimulator.Build.0 = Debug|Any CPU
		{E301B932-D165-4A65-8916-3E80C000B6AC}.Release|Any CPU.ActiveCfg = Release|Any CPU
		{E301B932-D165-4A65-8916-3E80C000B6AC}.Release|Any CPU.Build.0 = Release|Any CPU
		{E301B932-D165-4A65-8916-3E80C000B6AC}.Release|iPhone.ActiveCfg = Release|Any CPU
		{E301B932-D165-4A65-8916-3E80C000B6AC}.Release|iPhone.Build.0 = Release|Any CPU
		{E301B932-D165-4A65-8916-3E80C000B6AC}.Release|iPhoneSimulator.ActiveCfg = Release|Any CPU
		{E301B932-D165-4A65-8916-3E80C000B6AC}.Release|iPhoneSimulator.Build.0 = Release|Any CPU
		{35569ADA-0F82-4AB7-A5D7-AA5B71357836}.Debug|Any CPU.ActiveCfg = Debug|iPhoneSimulator
		{35569ADA-0F82-4AB7-A5D7-AA5B71357836}.Debug|Any CPU.Build.0 = Debug|iPhoneSimulator
		{35569ADA-0F82-4AB7-A5D7-AA5B71357836}.Release|Any CPU.ActiveCfg = Release|iPhone
		{35569ADA-0F82-4AB7-A5D7-AA5B71357836}.Release|Any CPU.Build.0 = Release|iPhone
		{35569ADA-0F82-4AB7-A5D7-AA5B71357836}.Debug|iPhoneSimulator.ActiveCfg = Debug|iPhoneSimulator
		{35569ADA-0F82-4AB7-A5D7-AA5B71357836}.Debug|iPhoneSimulator.Build.0 = Debug|iPhoneSimulator
		{35569ADA-0F82-4AB7-A5D7-AA5B71357836}.Release|iPhoneSimulator.ActiveCfg = Release|iPhoneSimulator
		{35569ADA-0F82-4AB7-A5D7-AA5B71357836}.Release|iPhoneSimulator.Build.0 = Release|iPhoneSimulator
		{35569ADA-0F82-4AB7-A5D7-AA5B71357836}.Debug|iPhone.ActiveCfg = Debug|iPhone
		{35569ADA-0F82-4AB7-A5D7-AA5B71357836}.Debug|iPhone.Build.0 = Debug|iPhone
		{35569ADA-0F82-4AB7-A5D7-AA5B71357836}.Release|iPhone.ActiveCfg = Release|iPhone
		{35569ADA-0F82-4AB7-A5D7-AA5B71357836}.Release|iPhone.Build.0 = Release|iPhone
		{35569ADA-0F82-4AB7-A5D7-AA5B71357836}.Ad-Hoc|iPhone.ActiveCfg = Debug|iPhoneSimulator
		{35569ADA-0F82-4AB7-A5D7-AA5B71357836}.Ad-Hoc|iPhone.Build.0 = Debug|iPhoneSimulator
		{35569ADA-0F82-4AB7-A5D7-AA5B71357836}.AppStore|iPhone.ActiveCfg = Debug|iPhoneSimulator
		{35569ADA-0F82-4AB7-A5D7-AA5B71357836}.AppStore|iPhone.Build.0 = Debug|iPhoneSimulator
	EndGlobalSection
	GlobalSection(MonoDevelopProperties) = preSolution
		Policies = $0
		$0.StandardHeader = $1
		$1.Text = @ Copyright (C) 2016 Nacho Cove, Inc. All rights reserved.\n
		$0.VersionControlPolicy = $2
		$0.ChangeLogPolicy = $3
		$3.UpdateMode = None
		$3.MessageStyle = $4
		$4.LineAlign = 0
		$3.inheritsSet = Mono
		$0.DotNetNamingPolicy = $5
		$0.TextStylePolicy = $6
		$6.inheritsSet = null
		$6.scope = application/xml
		$6.FileWidth = 160
		$6.NoTabsAfterNonTabs = True
		$6.inheritsScope = text/plain
		$0.CSharpFormattingPolicy = $7
		$7.AfterDelegateDeclarationParameterComma = True
		$7.scope = text/x-csharp
		$7.IndentSwitchSection = False
		$7.NewLinesForBracesInProperties = False
		$7.NewLinesForBracesInAccessors = False
		$7.NewLinesForBracesInAnonymousMethods = False
		$7.NewLinesForBracesInControlBlocks = False
		$7.NewLinesForBracesInAnonymousTypes = False
		$7.NewLinesForBracesInObjectCollectionArrayInitializers = False
		$7.NewLinesForBracesInLambdaExpressionBody = False
		$7.NewLineForElse = False
		$7.NewLineForCatch = False
		$7.NewLineForFinally = False
		$7.NewLineForMembersInObjectInit = False
		$7.NewLineForMembersInAnonymousTypes = False
		$7.NewLineForClausesInQuery = False
		$7.SpacingAfterMethodDeclarationName = True
		$7.SpaceAfterMethodCallName = True
		$7.SpaceBeforeOpenSquareBracket = True
		$0.TextStylePolicy = $8
		$8.FileWidth = 160
		$8.NoTabsAfterNonTabs = True
		$8.scope = text/plain
		$8.TabsToSpaces = True
		$0.TextStylePolicy = $9
		$9.inheritsSet = null
		$9.scope = application/vnd.apple-xcode-storyboard
		$0.XmlFormattingPolicy = $10
		$10.scope = application/xml
		$10.DefaultFormat = $42
		$42.AttributesInNewLine = True
		$42.AlignAttributes = True
		$0.TextStylePolicy = $11
		$11.inheritsSet = null
		$11.scope = application/vnd.apple-interface-builder
		$0.XmlFormattingPolicy = $12
		$12.inheritsSet = null
		$12.scope = application/vnd.apple-interface-builder
		$0.NameConventionPolicy = $13
		$13.Rules = $14
		$14.NamingRule = $15
		$15.Name = Type Parameters
		$15.AffectedEntity = TypeParameter
		$15.VisibilityMask = VisibilityMask
		$15.NamingStyle = PascalCase
		$15.IncludeInstanceMembers = True
		$15.IncludeStaticEntities = True
		$15.RequiredPrefixes = $43
		$43.String = T
		$15.RequiredSuffixes = $44
		$44.String = Exception
		$14.NamingRule = $16
		$16.Name = Types
		$16.AffectedEntity = Class, Struct, Enum, Delegate
		$16.VisibilityMask = Public
		$16.NamingStyle = PascalCase
		$16.IncludeInstanceMembers = True
		$16.IncludeStaticEntities = True
		$14.NamingRule = $17
		$17.Name = Interfaces
		$17.RequiredPrefixes = $18
		$18.String = I
		$17.AffectedEntity = Interface
		$17.VisibilityMask = Public
		$17.NamingStyle = PascalCase
		$17.IncludeInstanceMembers = True
		$17.IncludeStaticEntities = True
		$14.NamingRule = $19
		$19.Name = Attributes
		$19.RequiredSuffixes = $20
		$20.String = Attribute
		$19.AffectedEntity = CustomAttributes
		$19.VisibilityMask = Public
		$19.NamingStyle = PascalCase
		$19.IncludeInstanceMembers = True
		$19.IncludeStaticEntities = True
		$14.NamingRule = $21
		$21.Name = Event Arguments
		$21.RequiredSuffixes = $22
		$22.String = EventArgs
		$21.AffectedEntity = CustomEventArgs
		$21.VisibilityMask = Public
		$21.NamingStyle = PascalCase
		$21.IncludeInstanceMembers = True
		$21.IncludeStaticEntities = True
		$14.NamingRule = $23
		$23.Name = Exceptions
		$23.RequiredSuffixes = $24
		$24.String = Exception
		$23.AffectedEntity = CustomExceptions
		$23.VisibilityMask = VisibilityMask
		$23.NamingStyle = PascalCase
		$23.IncludeInstanceMembers = True
		$23.IncludeStaticEntities = True
		$14.NamingRule = $25
		$25.Name = Methods
		$25.AffectedEntity = Methods
		$25.VisibilityMask = Protected, Public
		$25.NamingStyle = PascalCase
		$25.IncludeInstanceMembers = True
		$25.IncludeStaticEntities = True
		$14.NamingRule = $26
		$26.Name = Static Readonly Fields
		$26.AffectedEntity = ReadonlyField
		$26.VisibilityMask = Protected, Public
		$26.NamingStyle = PascalCase
		$26.IncludeInstanceMembers = False
		$26.IncludeStaticEntities = True
		$14.NamingRule = $27
		$27.Name = Fields
		$27.AffectedEntity = Field
		$27.VisibilityMask = Protected, Public
		$27.NamingStyle = PascalCase
		$27.IncludeInstanceMembers = True
		$27.IncludeStaticEntities = True
		$14.NamingRule = $28
		$28.Name = ReadOnly Fields
		$28.AffectedEntity = ReadonlyField
		$28.VisibilityMask = Protected, Public
		$28.NamingStyle = PascalCase
		$28.IncludeInstanceMembers = True
		$28.IncludeStaticEntities = False
		$14.NamingRule = $29
		$29.Name = Constant Fields
		$29.AffectedEntity = ConstantField
		$29.VisibilityMask = Protected, Public
		$29.NamingStyle = PascalCase
		$29.IncludeInstanceMembers = True
		$29.IncludeStaticEntities = True
		$14.NamingRule = $30
		$30.Name = Properties
		$30.AffectedEntity = Property
		$30.VisibilityMask = Protected, Public
		$30.NamingStyle = PascalCase
		$30.IncludeInstanceMembers = True
		$30.IncludeStaticEntities = True
		$14.NamingRule = $31
		$31.Name = Events
		$31.AffectedEntity = Event
		$31.VisibilityMask = Protected, Public
		$31.NamingStyle = PascalCase
		$31.IncludeInstanceMembers = True
		$31.IncludeStaticEntities = True
		$14.NamingRule = $32
		$32.Name = Enum Members
		$32.AffectedEntity = EnumMember
		$32.VisibilityMask = VisibilityMask
		$32.NamingStyle = PascalCase
		$32.IncludeInstanceMembers = True
		$32.IncludeStaticEntities = True
		$14.NamingRule = $33
		$33.Name = Parameters
		$33.AffectedEntity = Parameter
		$33.VisibilityMask = VisibilityMask
		$33.NamingStyle = CamelCase
		$33.IncludeInstanceMembers = True
		$33.IncludeStaticEntities = True
		$14.NamingRule = $34
		$34.Name = Type Parameters
		$34.RequiredPrefixes = $35
		$35.String = T
		$34.AffectedEntity = TypeParameter
		$34.VisibilityMask = VisibilityMask
		$34.NamingStyle = PascalCase
		$34.IncludeInstanceMembers = True
		$34.IncludeStaticEntities = True
		$0.TextStylePolicy = $36
		$36.inheritsSet = null
		$36.scope = application/x-csproject
		$0.XmlFormattingPolicy = $37
		$37.inheritsSet = null
		$37.scope = application/x-csproject
		$0.TextStylePolicy = $38
		$38.inheritsSet = null
		$38.scope = application/t4-template
		$0.TextStylePolicy = $39
		$39.inheritsSet = null
		$39.scope = application/xml
		$0.XmlFormattingPolicy = $40
		$40.DefaultFormat = $41
		$41.AttributesInNewLine = True
		$41.AlignAttributes = True
		$40.inheritsSet = Mono
		$40.inheritsScope = application/xml
		$40.scope = application/xml
	EndGlobalSection
	GlobalSection(NestedProjects) = preSolution
		{CB7CC882-ED47-46C0-AAAE-7A437F22F1C6} = {3983A035-F8AA-4204-8CCE-DC0F24577DA3}
		{1923FB99-0E59-4774-8AA9-C14B9BC3F655} = {3983A035-F8AA-4204-8CCE-DC0F24577DA3}
		{3043ADD2-B6EF-4392-B5E4-983B63260039} = {3983A035-F8AA-4204-8CCE-DC0F24577DA3}
		{BCCFA67D-78B7-4D93-85F2-A03704165A93} = {3983A035-F8AA-4204-8CCE-DC0F24577DA3}
		{E04EFEB6-4625-4D58-AC91-7B8B8A2C97BB} = {3983A035-F8AA-4204-8CCE-DC0F24577DA3}
		{B1C25481-681E-4D29-86B0-81F8FE327E0B} = {3983A035-F8AA-4204-8CCE-DC0F24577DA3}
		{B7EE901B-1302-42C7-98D1-18666CB7D6DC} = {3983A035-F8AA-4204-8CCE-DC0F24577DA3}
		{F88DB6D3-CB95-4707-9C88-B53403AADC61} = {3983A035-F8AA-4204-8CCE-DC0F24577DA3}
		{7CDD1BB5-9CD8-421B-8BC9-89F335170BBB} = {3983A035-F8AA-4204-8CCE-DC0F24577DA3}
		{1B095A78-F50A-449F-A3C4-D5662AD32717} = {3983A035-F8AA-4204-8CCE-DC0F24577DA3}
		{53089CAB-AE06-4BE6-9E23-CCCC03730EEA} = {3983A035-F8AA-4204-8CCE-DC0F24577DA3}
		{F930802F-193C-4388-820B-05AE90A1FB6A} = {3983A035-F8AA-4204-8CCE-DC0F24577DA3}
		{6F68E3AD-B80E-4980-8476-7ADDFFFF6672} = {3983A035-F8AA-4204-8CCE-DC0F24577DA3}
		{5B0CBAEC-6681-423C-B2B1-E3886A5BDF6C} = {3983A035-F8AA-4204-8CCE-DC0F24577DA3}
		{B0F398CA-1CAA-45FD-94DC-15BBF1A93377} = {3983A035-F8AA-4204-8CCE-DC0F24577DA3}
		{35BDE52C-1FAD-42BB-841B-9298F354AFE8} = {3983A035-F8AA-4204-8CCE-DC0F24577DA3}
		{D91DC8A9-454E-4CB9-96BE-19652A67D0A4} = {3983A035-F8AA-4204-8CCE-DC0F24577DA3}
		{133270E5-3A11-4A4A-A4AD-1D89FC9DBAAF} = {3983A035-F8AA-4204-8CCE-DC0F24577DA3}
		{40A75D1C-1C71-41F5-9B84-A3884CD1EE81} = {3983A035-F8AA-4204-8CCE-DC0F24577DA3}
		{17E3A80E-B371-4138-AB0F-7176BF026EAF} = {3983A035-F8AA-4204-8CCE-DC0F24577DA3}
		{DBEE91B8-DF39-4008-9AC2-D7D1F3737449} = {86E49005-9CF3-4A3D-8B0D-8C9AB311D225}
		{0614D746-209D-4EDA-B732-DC6CF8964579} = {86E49005-9CF3-4A3D-8B0D-8C9AB311D225}
		{B516077B-652E-4AC9-B728-AB64B65044F4} = {3983A035-F8AA-4204-8CCE-DC0F24577DA3}
	EndGlobalSection
EndGlobal
