
Microsoft Visual Studio Solution File, Format Version 11.00
# Visual Studio 2010
Project("{FAE04EC0-301F-11D3-BF4B-00C04F79EFBC}") = "NachoClient.Android", "NachoClient.Android\NachoClient.Android.csproj", "{D1408661-612A-4362-B534-5BF16C7A8BE0}"
EndProject
Project("{FAE04EC0-301F-11D3-BF4B-00C04F79EFBC}") = "NachoClient.iOS", "NachoClient.iOS\NachoClient.iOS.csproj", "{7B5D1554-2619-4B46-BE91-585C896047AC}"
EndProject
Project("{FAE04EC0-301F-11D3-BF4B-00C04F79EFBC}") = "Test.Android", "Test.Android\Test.Android.csproj", "{DBEE91B8-DF39-4008-9AC2-D7D1F3737449}"
EndProject
Project("{FAE04EC0-301F-11D3-BF4B-00C04F79EFBC}") = "Test.iOS", "Test.iOS\Test.iOS.csproj", "{0614D746-209D-4EDA-B732-DC6CF8964579}"
EndProject
Project("{FAE04EC0-301F-11D3-BF4B-00C04F79EFBC}") = "SWRevealViewControllerBinding", "..\SWReveal\SWRevealViewControllerBinding\SWRevealViewControllerBinding\SWRevealViewControllerBinding.csproj", "{867AF543-B319-4267-8BBE-4854D99E67F0}"
EndProject
Project("{FAE04EC0-301F-11D3-BF4B-00C04F79EFBC}") = "MCSwipeTableViewCellBinding", "..\MCSwipeTableViewCell\MCSwipeTableViewCellBinding\MCSwipeTableViewCellBinding\MCSwipeTableViewCellBinding.csproj", "{E301B932-D165-4A65-8916-3E80C000B6AC}"
EndProject
Global
	GlobalSection(SolutionConfigurationPlatforms) = preSolution
		Debug|Any CPU = Debug|Any CPU
		Release|Any CPU = Release|Any CPU
		Debug|iPhoneSimulator = Debug|iPhoneSimulator
		Release|iPhoneSimulator = Release|iPhoneSimulator
		Debug|iPhone = Debug|iPhone
		Release|iPhone = Release|iPhone
		Ad-Hoc|iPhone = Ad-Hoc|iPhone
		AppStore|iPhone = AppStore|iPhone
	EndGlobalSection
	GlobalSection(ProjectConfigurationPlatforms) = postSolution
		{0614D746-209D-4EDA-B732-DC6CF8964579}.Ad-Hoc|iPhone.ActiveCfg = Ad-Hoc|iPhone
		{0614D746-209D-4EDA-B732-DC6CF8964579}.Ad-Hoc|iPhone.Build.0 = Ad-Hoc|iPhone
		{0614D746-209D-4EDA-B732-DC6CF8964579}.AppStore|iPhone.ActiveCfg = AppStore|iPhone
		{0614D746-209D-4EDA-B732-DC6CF8964579}.AppStore|iPhone.Build.0 = AppStore|iPhone
		{0614D746-209D-4EDA-B732-DC6CF8964579}.Debug|Any CPU.ActiveCfg = Debug|iPhoneSimulator
		{0614D746-209D-4EDA-B732-DC6CF8964579}.Debug|Any CPU.Build.0 = Debug|iPhoneSimulator
		{0614D746-209D-4EDA-B732-DC6CF8964579}.Debug|iPhone.ActiveCfg = Debug|iPhone
		{0614D746-209D-4EDA-B732-DC6CF8964579}.Debug|iPhone.Build.0 = Debug|iPhone
		{0614D746-209D-4EDA-B732-DC6CF8964579}.Debug|iPhoneSimulator.ActiveCfg = Debug|iPhoneSimulator
		{0614D746-209D-4EDA-B732-DC6CF8964579}.Debug|iPhoneSimulator.Build.0 = Debug|iPhoneSimulator
		{0614D746-209D-4EDA-B732-DC6CF8964579}.Release|Any CPU.ActiveCfg = Release|iPhoneSimulator
		{0614D746-209D-4EDA-B732-DC6CF8964579}.Release|Any CPU.Build.0 = Release|iPhoneSimulator
		{0614D746-209D-4EDA-B732-DC6CF8964579}.Release|iPhone.ActiveCfg = Release|iPhone
		{0614D746-209D-4EDA-B732-DC6CF8964579}.Release|iPhone.Build.0 = Release|iPhone
		{0614D746-209D-4EDA-B732-DC6CF8964579}.Release|iPhoneSimulator.ActiveCfg = Release|iPhoneSimulator
		{0614D746-209D-4EDA-B732-DC6CF8964579}.Release|iPhoneSimulator.Build.0 = Release|iPhoneSimulator
		{7B5D1554-2619-4B46-BE91-585C896047AC}.Ad-Hoc|iPhone.ActiveCfg = Ad-Hoc|iPhone
		{7B5D1554-2619-4B46-BE91-585C896047AC}.Ad-Hoc|iPhone.Build.0 = Ad-Hoc|iPhone
		{7B5D1554-2619-4B46-BE91-585C896047AC}.AppStore|iPhone.ActiveCfg = AppStore|iPhone
		{7B5D1554-2619-4B46-BE91-585C896047AC}.AppStore|iPhone.Build.0 = AppStore|iPhone
		{7B5D1554-2619-4B46-BE91-585C896047AC}.Debug|Any CPU.ActiveCfg = Debug|iPhoneSimulator
		{7B5D1554-2619-4B46-BE91-585C896047AC}.Debug|Any CPU.Build.0 = Debug|iPhoneSimulator
		{7B5D1554-2619-4B46-BE91-585C896047AC}.Debug|iPhone.ActiveCfg = Debug|iPhone
		{7B5D1554-2619-4B46-BE91-585C896047AC}.Debug|iPhone.Build.0 = Debug|iPhone
		{7B5D1554-2619-4B46-BE91-585C896047AC}.Debug|iPhoneSimulator.ActiveCfg = Debug|iPhoneSimulator
		{7B5D1554-2619-4B46-BE91-585C896047AC}.Debug|iPhoneSimulator.Build.0 = Debug|iPhoneSimulator
		{7B5D1554-2619-4B46-BE91-585C896047AC}.Release|Any CPU.ActiveCfg = Release|iPhoneSimulator
		{7B5D1554-2619-4B46-BE91-585C896047AC}.Release|Any CPU.Build.0 = Release|iPhoneSimulator
		{7B5D1554-2619-4B46-BE91-585C896047AC}.Release|iPhone.ActiveCfg = Release|iPhone
		{7B5D1554-2619-4B46-BE91-585C896047AC}.Release|iPhone.Build.0 = Release|iPhone
		{7B5D1554-2619-4B46-BE91-585C896047AC}.Release|iPhoneSimulator.ActiveCfg = Release|iPhoneSimulator
		{7B5D1554-2619-4B46-BE91-585C896047AC}.Release|iPhoneSimulator.Build.0 = Release|iPhoneSimulator
		{867AF543-B319-4267-8BBE-4854D99E67F0}.Ad-Hoc|iPhone.ActiveCfg = Release|Any CPU
		{867AF543-B319-4267-8BBE-4854D99E67F0}.Ad-Hoc|iPhone.Build.0 = Release|Any CPU
		{867AF543-B319-4267-8BBE-4854D99E67F0}.AppStore|iPhone.ActiveCfg = Release|Any CPU
		{867AF543-B319-4267-8BBE-4854D99E67F0}.AppStore|iPhone.Build.0 = Release|Any CPU
		{867AF543-B319-4267-8BBE-4854D99E67F0}.Debug|Any CPU.ActiveCfg = Debug|Any CPU
		{867AF543-B319-4267-8BBE-4854D99E67F0}.Debug|Any CPU.Build.0 = Debug|Any CPU
		{867AF543-B319-4267-8BBE-4854D99E67F0}.Debug|iPhone.ActiveCfg = Debug|Any CPU
		{867AF543-B319-4267-8BBE-4854D99E67F0}.Debug|iPhone.Build.0 = Debug|Any CPU
		{867AF543-B319-4267-8BBE-4854D99E67F0}.Debug|iPhoneSimulator.ActiveCfg = Debug|Any CPU
		{867AF543-B319-4267-8BBE-4854D99E67F0}.Debug|iPhoneSimulator.Build.0 = Debug|Any CPU
		{867AF543-B319-4267-8BBE-4854D99E67F0}.Release|Any CPU.ActiveCfg = Release|Any CPU
		{867AF543-B319-4267-8BBE-4854D99E67F0}.Release|Any CPU.Build.0 = Release|Any CPU
		{867AF543-B319-4267-8BBE-4854D99E67F0}.Release|iPhone.ActiveCfg = Release|Any CPU
		{867AF543-B319-4267-8BBE-4854D99E67F0}.Release|iPhone.Build.0 = Release|Any CPU
		{867AF543-B319-4267-8BBE-4854D99E67F0}.Release|iPhoneSimulator.ActiveCfg = Release|Any CPU
		{867AF543-B319-4267-8BBE-4854D99E67F0}.Release|iPhoneSimulator.Build.0 = Release|Any CPU
		{D1408661-612A-4362-B534-5BF16C7A8BE0}.Ad-Hoc|iPhone.ActiveCfg = Debug|Any CPU
		{D1408661-612A-4362-B534-5BF16C7A8BE0}.Ad-Hoc|iPhone.Build.0 = Debug|Any CPU
		{D1408661-612A-4362-B534-5BF16C7A8BE0}.AppStore|iPhone.ActiveCfg = Debug|Any CPU
		{D1408661-612A-4362-B534-5BF16C7A8BE0}.AppStore|iPhone.Build.0 = Debug|Any CPU
		{D1408661-612A-4362-B534-5BF16C7A8BE0}.Debug|Any CPU.ActiveCfg = Debug|Any CPU
		{D1408661-612A-4362-B534-5BF16C7A8BE0}.Debug|Any CPU.Build.0 = Debug|Any CPU
		{D1408661-612A-4362-B534-5BF16C7A8BE0}.Debug|iPhone.ActiveCfg = Debug|Any CPU
		{D1408661-612A-4362-B534-5BF16C7A8BE0}.Debug|iPhone.Build.0 = Debug|Any CPU
		{D1408661-612A-4362-B534-5BF16C7A8BE0}.Debug|iPhoneSimulator.ActiveCfg = Debug|Any CPU
		{D1408661-612A-4362-B534-5BF16C7A8BE0}.Debug|iPhoneSimulator.Build.0 = Debug|Any CPU
		{D1408661-612A-4362-B534-5BF16C7A8BE0}.Release|Any CPU.ActiveCfg = Release|Any CPU
		{D1408661-612A-4362-B534-5BF16C7A8BE0}.Release|Any CPU.Build.0 = Release|Any CPU
		{D1408661-612A-4362-B534-5BF16C7A8BE0}.Release|iPhone.ActiveCfg = Release|Any CPU
		{D1408661-612A-4362-B534-5BF16C7A8BE0}.Release|iPhone.Build.0 = Release|Any CPU
		{D1408661-612A-4362-B534-5BF16C7A8BE0}.Release|iPhoneSimulator.ActiveCfg = Release|Any CPU
		{D1408661-612A-4362-B534-5BF16C7A8BE0}.Release|iPhoneSimulator.Build.0 = Release|Any CPU
		{DBEE91B8-DF39-4008-9AC2-D7D1F3737449}.Ad-Hoc|iPhone.ActiveCfg = Release|Any CPU
		{DBEE91B8-DF39-4008-9AC2-D7D1F3737449}.Ad-Hoc|iPhone.Build.0 = Release|Any CPU
		{DBEE91B8-DF39-4008-9AC2-D7D1F3737449}.AppStore|iPhone.ActiveCfg = Release|Any CPU
		{DBEE91B8-DF39-4008-9AC2-D7D1F3737449}.AppStore|iPhone.Build.0 = Release|Any CPU
		{DBEE91B8-DF39-4008-9AC2-D7D1F3737449}.Debug|Any CPU.ActiveCfg = Debug|Any CPU
		{DBEE91B8-DF39-4008-9AC2-D7D1F3737449}.Debug|Any CPU.Build.0 = Debug|Any CPU
		{DBEE91B8-DF39-4008-9AC2-D7D1F3737449}.Debug|iPhone.ActiveCfg = Debug|Any CPU
		{DBEE91B8-DF39-4008-9AC2-D7D1F3737449}.Debug|iPhone.Build.0 = Debug|Any CPU
		{DBEE91B8-DF39-4008-9AC2-D7D1F3737449}.Debug|iPhoneSimulator.ActiveCfg = Debug|Any CPU
		{DBEE91B8-DF39-4008-9AC2-D7D1F3737449}.Debug|iPhoneSimulator.Build.0 = Debug|Any CPU
		{DBEE91B8-DF39-4008-9AC2-D7D1F3737449}.Release|Any CPU.ActiveCfg = Release|Any CPU
		{DBEE91B8-DF39-4008-9AC2-D7D1F3737449}.Release|Any CPU.Build.0 = Release|Any CPU
		{DBEE91B8-DF39-4008-9AC2-D7D1F3737449}.Release|iPhone.ActiveCfg = Release|Any CPU
		{DBEE91B8-DF39-4008-9AC2-D7D1F3737449}.Release|iPhone.Build.0 = Release|Any CPU
		{DBEE91B8-DF39-4008-9AC2-D7D1F3737449}.Release|iPhoneSimulator.ActiveCfg = Release|Any CPU
		{DBEE91B8-DF39-4008-9AC2-D7D1F3737449}.Release|iPhoneSimulator.Build.0 = Release|Any CPU
		{E301B932-D165-4A65-8916-3E80C000B6AC}.Ad-Hoc|iPhone.ActiveCfg = Release|Any CPU
		{E301B932-D165-4A65-8916-3E80C000B6AC}.Ad-Hoc|iPhone.Build.0 = Release|Any CPU
		{E301B932-D165-4A65-8916-3E80C000B6AC}.AppStore|iPhone.ActiveCfg = Release|Any CPU
		{E301B932-D165-4A65-8916-3E80C000B6AC}.AppStore|iPhone.Build.0 = Release|Any CPU
		{E301B932-D165-4A65-8916-3E80C000B6AC}.Debug|Any CPU.ActiveCfg = Debug|Any CPU
		{E301B932-D165-4A65-8916-3E80C000B6AC}.Debug|Any CPU.Build.0 = Debug|Any CPU
		{E301B932-D165-4A65-8916-3E80C000B6AC}.Debug|iPhone.ActiveCfg = Debug|Any CPU
		{E301B932-D165-4A65-8916-3E80C000B6AC}.Debug|iPhone.Build.0 = Debug|Any CPU
		{E301B932-D165-4A65-8916-3E80C000B6AC}.Debug|iPhoneSimulator.ActiveCfg = Debug|Any CPU
		{E301B932-D165-4A65-8916-3E80C000B6AC}.Debug|iPhoneSimulator.Build.0 = Debug|Any CPU
		{E301B932-D165-4A65-8916-3E80C000B6AC}.Release|Any CPU.ActiveCfg = Release|Any CPU
		{E301B932-D165-4A65-8916-3E80C000B6AC}.Release|Any CPU.Build.0 = Release|Any CPU
		{E301B932-D165-4A65-8916-3E80C000B6AC}.Release|iPhone.ActiveCfg = Release|Any CPU
		{E301B932-D165-4A65-8916-3E80C000B6AC}.Release|iPhone.Build.0 = Release|Any CPU
		{E301B932-D165-4A65-8916-3E80C000B6AC}.Release|iPhoneSimulator.ActiveCfg = Release|Any CPU
		{E301B932-D165-4A65-8916-3E80C000B6AC}.Release|iPhoneSimulator.Build.0 = Release|Any CPU
	EndGlobalSection
	GlobalSection(MonoDevelopProperties) = preSolution
		StartupItem = NachoClient.iOS\NachoClient.iOS.csproj
		Policies = $0
		$0.StandardHeader = $1
		$1.Text = @ Copyright (C) 2014 Nacho Cove, Inc. All rights reserved.\n
		$1.IncludeInNewFiles = True
		$0.VersionControlPolicy = $2
		$2.inheritsSet = Mono
		$0.ChangeLogPolicy = $3
		$3.UpdateMode = None
		$3.MessageStyle = $4
		$4.LineAlign = 0
		$3.inheritsSet = Mono
	EndGlobalSection
EndGlobal
