// !$*UTF8*$!
{
	archiveVersion = 1;
	classes = {
	};
	objectVersion = 46;
	objects = {

/* Begin PBXBuildFile section */
		BA1212DE1901A7820051E782 /* Foundation.framework in Frameworks */ = {isa = PBXBuildFile; fileRef = BA1212DD1901A7820051E782 /* Foundation.framework */; };
		BA1212E01901A7820051E782 /* CoreGraphics.framework in Frameworks */ = {isa = PBXBuildFile; fileRef = BA1212DF1901A7820051E782 /* CoreGraphics.framework */; };
		BA1212E21901A7820051E782 /* UIKit.framework in Frameworks */ = {isa = PBXBuildFile; fileRef = BA1212E11901A7820051E782 /* UIKit.framework */; };
		BA1212E81901A7820051E782 /* InfoPlist.strings in Resources */ = {isa = PBXBuildFile; fileRef = BA1212E61901A7820051E782 /* InfoPlist.strings */; };
		BA1212EA1901A7820051E782 /* main.m in Sources */ = {isa = PBXBuildFile; fileRef = BA1212E91901A7820051E782 /* main.m */; };
		BA1212EE1901A7820051E782 /* NachoMailAppDelegate.m in Sources */ = {isa = PBXBuildFile; fileRef = BA1212ED1901A7820051E782 /* NachoMailAppDelegate.m */; };
		BA1212F11901A7820051E782 /* Main_iPhone.storyboard in Resources */ = {isa = PBXBuildFile; fileRef = BA1212EF1901A7820051E782 /* Main_iPhone.storyboard */; };
		BA1212F41901A7820051E782 /* Main_iPad.storyboard in Resources */ = {isa = PBXBuildFile; fileRef = BA1212F21901A7820051E782 /* Main_iPad.storyboard */; };
		BA1212F71901A7820051E782 /* NachoMailViewController.m in Sources */ = {isa = PBXBuildFile; fileRef = BA1212F61901A7820051E782 /* NachoMailViewController.m */; };
		BA1212F91901A7820051E782 /* Images.xcassets in Resources */ = {isa = PBXBuildFile; fileRef = BA1212F81901A7820051E782 /* Images.xcassets */; };
		BA1213001901A7820051E782 /* XCTest.framework in Frameworks */ = {isa = PBXBuildFile; fileRef = BA1212FF1901A7820051E782 /* XCTest.framework */; };
		BA1213011901A7820051E782 /* Foundation.framework in Frameworks */ = {isa = PBXBuildFile; fileRef = BA1212DD1901A7820051E782 /* Foundation.framework */; };
		BA1213021901A7820051E782 /* UIKit.framework in Frameworks */ = {isa = PBXBuildFile; fileRef = BA1212E11901A7820051E782 /* UIKit.framework */; };
		BA12130A1901A7820051E782 /* InfoPlist.strings in Resources */ = {isa = PBXBuildFile; fileRef = BA1213081901A7820051E782 /* InfoPlist.strings */; };
		BA12130C1901A7820051E782 /* nachomailTests.m in Sources */ = {isa = PBXBuildFile; fileRef = BA12130B1901A7820051E782 /* nachomailTests.m */; };
		BA1213171901A8730051E782 /* Crashlytics.framework in Frameworks */ = {isa = PBXBuildFile; fileRef = BA1213161901A8730051E782 /* Crashlytics.framework */; };
		BA6F7A5F190A53D400DA2BCC /* SystemConfiguration.framework in Frameworks */ = {isa = PBXBuildFile; fileRef = BA6F7A5E190A53D400DA2BCC /* SystemConfiguration.framework */; };
/* End PBXBuildFile section */

/* Begin PBXContainerItemProxy section */
		BA1213031901A7820051E782 /* PBXContainerItemProxy */ = {
			isa = PBXContainerItemProxy;
			containerPortal = BA1212D21901A7820051E782 /* Project object */;
			proxyType = 1;
			remoteGlobalIDString = BA1212D91901A7820051E782;
			remoteInfo = nachomail;
		};
/* End PBXContainerItemProxy section */

/* Begin PBXFileReference section */
		BA1212DA1901A7820051E782 /* nachomail.app */ = {isa = PBXFileReference; explicitFileType = wrapper.application; includeInIndex = 0; path = nachomail.app; sourceTree = BUILT_PRODUCTS_DIR; };
		BA1212DD1901A7820051E782 /* Foundation.framework */ = {isa = PBXFileReference; lastKnownFileType = wrapper.framework; name = Foundation.framework; path = System/Library/Frameworks/Foundation.framework; sourceTree = SDKROOT; };
		BA1212DF1901A7820051E782 /* CoreGraphics.framework */ = {isa = PBXFileReference; lastKnownFileType = wrapper.framework; name = CoreGraphics.framework; path = System/Library/Frameworks/CoreGraphics.framework; sourceTree = SDKROOT; };
		BA1212E11901A7820051E782 /* UIKit.framework */ = {isa = PBXFileReference; lastKnownFileType = wrapper.framework; name = UIKit.framework; path = System/Library/Frameworks/UIKit.framework; sourceTree = SDKROOT; };
		BA1212E51901A7820051E782 /* nachomail-Info.plist */ = {isa = PBXFileReference; lastKnownFileType = text.plist.xml; path = "nachomail-Info.plist"; sourceTree = "<group>"; };
		BA1212E71901A7820051E782 /* en */ = {isa = PBXFileReference; lastKnownFileType = text.plist.strings; name = en; path = en.lproj/InfoPlist.strings; sourceTree = "<group>"; };
		BA1212E91901A7820051E782 /* main.m */ = {isa = PBXFileReference; lastKnownFileType = sourcecode.c.objc; path = main.m; sourceTree = "<group>"; };
		BA1212EB1901A7820051E782 /* nachomail-Prefix.pch */ = {isa = PBXFileReference; lastKnownFileType = sourcecode.c.h; path = "nachomail-Prefix.pch"; sourceTree = "<group>"; };
		BA1212EC1901A7820051E782 /* NachoMailAppDelegate.h */ = {isa = PBXFileReference; lastKnownFileType = sourcecode.c.h; path = NachoMailAppDelegate.h; sourceTree = "<group>"; };
		BA1212ED1901A7820051E782 /* NachoMailAppDelegate.m */ = {isa = PBXFileReference; lastKnownFileType = sourcecode.c.objc; path = NachoMailAppDelegate.m; sourceTree = "<group>"; };
		BA1212F01901A7820051E782 /* Base */ = {isa = PBXFileReference; lastKnownFileType = file.storyboard; name = Base; path = Base.lproj/Main_iPhone.storyboard; sourceTree = "<group>"; };
		BA1212F31901A7820051E782 /* Base */ = {isa = PBXFileReference; lastKnownFileType = file.storyboard; name = Base; path = Base.lproj/Main_iPad.storyboard; sourceTree = "<group>"; };
		BA1212F51901A7820051E782 /* NachoMailViewController.h */ = {isa = PBXFileReference; lastKnownFileType = sourcecode.c.h; path = NachoMailViewController.h; sourceTree = "<group>"; };
		BA1212F61901A7820051E782 /* NachoMailViewController.m */ = {isa = PBXFileReference; lastKnownFileType = sourcecode.c.objc; path = NachoMailViewController.m; sourceTree = "<group>"; };
		BA1212F81901A7820051E782 /* Images.xcassets */ = {isa = PBXFileReference; lastKnownFileType = folder.assetcatalog; path = Images.xcassets; sourceTree = "<group>"; };
		BA1212FE1901A7820051E782 /* nachomailTests.xctest */ = {isa = PBXFileReference; explicitFileType = wrapper.cfbundle; includeInIndex = 0; path = nachomailTests.xctest; sourceTree = BUILT_PRODUCTS_DIR; };
		BA1212FF1901A7820051E782 /* XCTest.framework */ = {isa = PBXFileReference; lastKnownFileType = wrapper.framework; name = XCTest.framework; path = Library/Frameworks/XCTest.framework; sourceTree = DEVELOPER_DIR; };
		BA1213071901A7820051E782 /* nachomailTests-Info.plist */ = {isa = PBXFileReference; lastKnownFileType = text.plist.xml; path = "nachomailTests-Info.plist"; sourceTree = "<group>"; };
		BA1213091901A7820051E782 /* en */ = {isa = PBXFileReference; lastKnownFileType = text.plist.strings; name = en; path = en.lproj/InfoPlist.strings; sourceTree = "<group>"; };
		BA12130B1901A7820051E782 /* nachomailTests.m */ = {isa = PBXFileReference; lastKnownFileType = sourcecode.c.objc; path = nachomailTests.m; sourceTree = "<group>"; };
		BA1213161901A8730051E782 /* Crashlytics.framework */ = {isa = PBXFileReference; lastKnownFileType = wrapper.framework; path = Crashlytics.framework; sourceTree = "<group>"; };
		BA6F7A5E190A53D400DA2BCC /* SystemConfiguration.framework */ = {isa = PBXFileReference; lastKnownFileType = wrapper.framework; name = SystemConfiguration.framework; path = System/Library/Frameworks/SystemConfiguration.framework; sourceTree = SDKROOT; };
/* End PBXFileReference section */

/* Begin PBXFrameworksBuildPhase section */
		BA1212D71901A7820051E782 /* Frameworks */ = {
			isa = PBXFrameworksBuildPhase;
			buildActionMask = 2147483647;
			files = (
				BA6F7A5F190A53D400DA2BCC /* SystemConfiguration.framework in Frameworks */,
				BA1212E01901A7820051E782 /* CoreGraphics.framework in Frameworks */,
				BA1212E21901A7820051E782 /* UIKit.framework in Frameworks */,
				BA1213171901A8730051E782 /* Crashlytics.framework in Frameworks */,
				BA1212DE1901A7820051E782 /* Foundation.framework in Frameworks */,
			);
			runOnlyForDeploymentPostprocessing = 0;
		};
		BA1212FB1901A7820051E782 /* Frameworks */ = {
			isa = PBXFrameworksBuildPhase;
			buildActionMask = 2147483647;
			files = (
				BA1213001901A7820051E782 /* XCTest.framework in Frameworks */,
				BA1213021901A7820051E782 /* UIKit.framework in Frameworks */,
				BA1213011901A7820051E782 /* Foundation.framework in Frameworks */,
			);
			runOnlyForDeploymentPostprocessing = 0;
		};
/* End PBXFrameworksBuildPhase section */

/* Begin PBXGroup section */
		BA1212D11901A7820051E782 = {
			isa = PBXGroup;
			children = (
				BA1212E31901A7820051E782 /* nachomail */,
				BA1213051901A7820051E782 /* nachomailTests */,
				BA1212DC1901A7820051E782 /* Frameworks */,
				BA1212DB1901A7820051E782 /* Products */,
			);
			sourceTree = "<group>";
		};
		BA1212DB1901A7820051E782 /* Products */ = {
			isa = PBXGroup;
			children = (
				BA1212DA1901A7820051E782 /* nachomail.app */,
				BA1212FE1901A7820051E782 /* nachomailTests.xctest */,
			);
			name = Products;
			sourceTree = "<group>";
		};
		BA1212DC1901A7820051E782 /* Frameworks */ = {
			isa = PBXGroup;
			children = (
				BA6F7A5E190A53D400DA2BCC /* SystemConfiguration.framework */,
				BA1213161901A8730051E782 /* Crashlytics.framework */,
				BA1212DD1901A7820051E782 /* Foundation.framework */,
				BA1212DF1901A7820051E782 /* CoreGraphics.framework */,
				BA1212E11901A7820051E782 /* UIKit.framework */,
				BA1212FF1901A7820051E782 /* XCTest.framework */,
			);
			name = Frameworks;
			sourceTree = "<group>";
		};
		BA1212E31901A7820051E782 /* nachomail */ = {
			isa = PBXGroup;
			children = (
				BA1212EC1901A7820051E782 /* NachoMailAppDelegate.h */,
				BA1212ED1901A7820051E782 /* NachoMailAppDelegate.m */,
				BA1212EF1901A7820051E782 /* Main_iPhone.storyboard */,
				BA1212F21901A7820051E782 /* Main_iPad.storyboard */,
				BA1212F51901A7820051E782 /* NachoMailViewController.h */,
				BA1212F61901A7820051E782 /* NachoMailViewController.m */,
				BA1212F81901A7820051E782 /* Images.xcassets */,
				BA1212E41901A7820051E782 /* Supporting Files */,
			);
			path = nachomail;
			sourceTree = "<group>";
		};
		BA1212E41901A7820051E782 /* Supporting Files */ = {
			isa = PBXGroup;
			children = (
				BA1212E51901A7820051E782 /* nachomail-Info.plist */,
				BA1212E61901A7820051E782 /* InfoPlist.strings */,
				BA1212E91901A7820051E782 /* main.m */,
				BA1212EB1901A7820051E782 /* nachomail-Prefix.pch */,
			);
			name = "Supporting Files";
			sourceTree = "<group>";
		};
		BA1213051901A7820051E782 /* nachomailTests */ = {
			isa = PBXGroup;
			children = (
				BA12130B1901A7820051E782 /* nachomailTests.m */,
				BA1213061901A7820051E782 /* Supporting Files */,
			);
			path = nachomailTests;
			sourceTree = "<group>";
		};
		BA1213061901A7820051E782 /* Supporting Files */ = {
			isa = PBXGroup;
			children = (
				BA1213071901A7820051E782 /* nachomailTests-Info.plist */,
				BA1213081901A7820051E782 /* InfoPlist.strings */,
			);
			name = "Supporting Files";
			sourceTree = "<group>";
		};
/* End PBXGroup section */

/* Begin PBXNativeTarget section */
		BA1212D91901A7820051E782 /* nachomail */ = {
			isa = PBXNativeTarget;
			buildConfigurationList = BA12130F1901A7820051E782 /* Build configuration list for PBXNativeTarget "nachomail" */;
			buildPhases = (
				BA1212D61901A7820051E782 /* Sources */,
				BA1212D71901A7820051E782 /* Frameworks */,
				BA1212D81901A7820051E782 /* Resources */,
				BA64BC1A190A361500F8C13A /* ShellScript */,
				BA1213151901A7D10051E782 /* ShellScript */,
			);
			buildRules = (
			);
			dependencies = (
			);
			name = nachomail;
			productName = nachomail;
			productReference = BA1212DA1901A7820051E782 /* nachomail.app */;
			productType = "com.apple.product-type.application";
		};
		BA1212FD1901A7820051E782 /* nachomailTests */ = {
			isa = PBXNativeTarget;
			buildConfigurationList = BA1213121901A7820051E782 /* Build configuration list for PBXNativeTarget "nachomailTests" */;
			buildPhases = (
				BA1212FA1901A7820051E782 /* Sources */,
				BA1212FB1901A7820051E782 /* Frameworks */,
				BA1212FC1901A7820051E782 /* Resources */,
			);
			buildRules = (
			);
			dependencies = (
				BA1213041901A7820051E782 /* PBXTargetDependency */,
			);
			name = nachomailTests;
			productName = nachomailTests;
			productReference = BA1212FE1901A7820051E782 /* nachomailTests.xctest */;
			productType = "com.apple.product-type.bundle.unit-test";
		};
/* End PBXNativeTarget section */

/* Begin PBXProject section */
		BA1212D21901A7820051E782 /* Project object */ = {
			isa = PBXProject;
			attributes = {
				CLASSPREFIX = NachoMail;
				LastUpgradeCheck = 0510;
				ORGANIZATIONNAME = "Nacho Cove";
				TargetAttributes = {
					BA1212FD1901A7820051E782 = {
						TestTargetID = BA1212D91901A7820051E782;
					};
				};
			};
			buildConfigurationList = BA1212D51901A7820051E782 /* Build configuration list for PBXProject "nachomail" */;
			compatibilityVersion = "Xcode 3.2";
			developmentRegion = English;
			hasScannedForEncodings = 0;
			knownRegions = (
				en,
				Base,
			);
			mainGroup = BA1212D11901A7820051E782;
			productRefGroup = BA1212DB1901A7820051E782 /* Products */;
			projectDirPath = "";
			projectRoot = "";
			targets = (
				BA1212D91901A7820051E782 /* nachomail */,
				BA1212FD1901A7820051E782 /* nachomailTests */,
			);
		};
/* End PBXProject section */

/* Begin PBXResourcesBuildPhase section */
		BA1212D81901A7820051E782 /* Resources */ = {
			isa = PBXResourcesBuildPhase;
			buildActionMask = 2147483647;
			files = (
				BA1212F41901A7820051E782 /* Main_iPad.storyboard in Resources */,
				BA1212F91901A7820051E782 /* Images.xcassets in Resources */,
				BA1212F11901A7820051E782 /* Main_iPhone.storyboard in Resources */,
				BA1212E81901A7820051E782 /* InfoPlist.strings in Resources */,
			);
			runOnlyForDeploymentPostprocessing = 0;
		};
		BA1212FC1901A7820051E782 /* Resources */ = {
			isa = PBXResourcesBuildPhase;
			buildActionMask = 2147483647;
			files = (
				BA12130A1901A7820051E782 /* InfoPlist.strings in Resources */,
			);
			runOnlyForDeploymentPostprocessing = 0;
		};
/* End PBXResourcesBuildPhase section */

/* Begin PBXShellScriptBuildPhase section */
		BA1213151901A7D10051E782 /* ShellScript */ = {
			isa = PBXShellScriptBuildPhase;
			buildActionMask = 2147483647;
			files = (
			);
			inputPaths = (
			);
			outputPaths = (
			);
			runOnlyForDeploymentPostprocessing = 0;
			shellPath = /bin/sh;
			shellScript = "./Crashlytics.framework/run 5aff8dc5f7ff465089df2453cd07d6cd21880b74 93ce41cc5aea4818961db76d6379e3ca6946cdd30ca1efc859450dfd6b9da226";
		};
		BA64BC1A190A361500F8C13A /* ShellScript */ = {
			isa = PBXShellScriptBuildPhase;
			buildActionMask = 2147483647;
			files = (
			);
			inputPaths = (
			);
			outputPaths = (
			);
			runOnlyForDeploymentPostprocessing = 0;
			shellPath = /bin/sh;
			shellScript = "cp ../../bin/NachoClientiOS $BUILT_PRODUCTS_DIR/nachomail.app.dSYM/Contents/Resources/DWARF/nachomail";
		};
/* End PBXShellScriptBuildPhase section */

/* Begin PBXSourcesBuildPhase section */
		BA1212D61901A7820051E782 /* Sources */ = {
			isa = PBXSourcesBuildPhase;
			buildActionMask = 2147483647;
			files = (
				BA1212F71901A7820051E782 /* NachoMailViewController.m in Sources */,
				BA1212EA1901A7820051E782 /* main.m in Sources */,
				BA1212EE1901A7820051E782 /* NachoMailAppDelegate.m in Sources */,
			);
			runOnlyForDeploymentPostprocessing = 0;
		};
		BA1212FA1901A7820051E782 /* Sources */ = {
			isa = PBXSourcesBuildPhase;
			buildActionMask = 2147483647;
			files = (
				BA12130C1901A7820051E782 /* nachomailTests.m in Sources */,
			);
			runOnlyForDeploymentPostprocessing = 0;
		};
/* End PBXSourcesBuildPhase section */

/* Begin PBXTargetDependency section */
		BA1213041901A7820051E782 /* PBXTargetDependency */ = {
			isa = PBXTargetDependency;
			target = BA1212D91901A7820051E782 /* nachomail */;
			targetProxy = BA1213031901A7820051E782 /* PBXContainerItemProxy */;
		};
/* End PBXTargetDependency section */

/* Begin PBXVariantGroup section */
		BA1212E61901A7820051E782 /* InfoPlist.strings */ = {
			isa = PBXVariantGroup;
			children = (
				BA1212E71901A7820051E782 /* en */,
			);
			name = InfoPlist.strings;
			sourceTree = "<group>";
		};
		BA1212EF1901A7820051E782 /* Main_iPhone.storyboard */ = {
			isa = PBXVariantGroup;
			children = (
				BA1212F01901A7820051E782 /* Base */,
			);
			name = Main_iPhone.storyboard;
			sourceTree = "<group>";
		};
		BA1212F21901A7820051E782 /* Main_iPad.storyboard */ = {
			isa = PBXVariantGroup;
			children = (
				BA1212F31901A7820051E782 /* Base */,
			);
			name = Main_iPad.storyboard;
			sourceTree = "<group>";
		};
		BA1213081901A7820051E782 /* InfoPlist.strings */ = {
			isa = PBXVariantGroup;
			children = (
				BA1213091901A7820051E782 /* en */,
			);
			name = InfoPlist.strings;
			sourceTree = "<group>";
		};
/* End PBXVariantGroup section */

/* Begin XCBuildConfiguration section */
		BA12130D1901A7820051E782 /* Debug */ = {
			isa = XCBuildConfiguration;
			buildSettings = {
				ALWAYS_SEARCH_USER_PATHS = NO;
				CLANG_CXX_LANGUAGE_STANDARD = "gnu++0x";
				CLANG_CXX_LIBRARY = "libc++";
				CLANG_ENABLE_MODULES = YES;
				CLANG_ENABLE_OBJC_ARC = YES;
				CLANG_WARN_BOOL_CONVERSION = YES;
				CLANG_WARN_CONSTANT_CONVERSION = YES;
				CLANG_WARN_DIRECT_OBJC_ISA_USAGE = YES_ERROR;
				CLANG_WARN_EMPTY_BODY = YES;
				CLANG_WARN_ENUM_CONVERSION = YES;
				CLANG_WARN_INT_CONVERSION = YES;
				CLANG_WARN_OBJC_ROOT_CLASS = YES_ERROR;
				CLANG_WARN__DUPLICATE_METHOD_MATCH = YES;
				"CODE_SIGN_IDENTITY[sdk=iphoneos*]" = "iPhone Developer";
				COPY_PHASE_STRIP = NO;
				GCC_C_LANGUAGE_STANDARD = gnu99;
				GCC_DYNAMIC_NO_PIC = NO;
				GCC_OPTIMIZATION_LEVEL = 0;
				GCC_PREPROCESSOR_DEFINITIONS = (
					"DEBUG=1",
					"$(inherited)",
				);
				GCC_SYMBOLS_PRIVATE_EXTERN = NO;
				GCC_WARN_64_TO_32_BIT_CONVERSION = YES;
				GCC_WARN_ABOUT_RETURN_TYPE = YES_ERROR;
				GCC_WARN_UNDECLARED_SELECTOR = YES;
				GCC_WARN_UNINITIALIZED_AUTOS = YES_AGGRESSIVE;
				GCC_WARN_UNUSED_FUNCTION = YES;
				GCC_WARN_UNUSED_VARIABLE = YES;
				IPHONEOS_DEPLOYMENT_TARGET = 7.1;
				ONLY_ACTIVE_ARCH = YES;
				SDKROOT = iphoneos;
				TARGETED_DEVICE_FAMILY = "1,2";
			};
			name = Debug;
		};
		BA12130E1901A7820051E782 /* Release */ = {
			isa = XCBuildConfiguration;
			buildSettings = {
				ALWAYS_SEARCH_USER_PATHS = NO;
				CLANG_CXX_LANGUAGE_STANDARD = "gnu++0x";
				CLANG_CXX_LIBRARY = "libc++";
				CLANG_ENABLE_MODULES = YES;
				CLANG_ENABLE_OBJC_ARC = YES;
				CLANG_WARN_BOOL_CONVERSION = YES;
				CLANG_WARN_CONSTANT_CONVERSION = YES;
				CLANG_WARN_DIRECT_OBJC_ISA_USAGE = YES_ERROR;
				CLANG_WARN_EMPTY_BODY = YES;
				CLANG_WARN_ENUM_CONVERSION = YES;
				CLANG_WARN_INT_CONVERSION = YES;
				CLANG_WARN_OBJC_ROOT_CLASS = YES_ERROR;
				CLANG_WARN__DUPLICATE_METHOD_MATCH = YES;
				"CODE_SIGN_IDENTITY[sdk=iphoneos*]" = "iPhone Developer";
				COPY_PHASE_STRIP = YES;
				ENABLE_NS_ASSERTIONS = NO;
				GCC_C_LANGUAGE_STANDARD = gnu99;
				GCC_WARN_64_TO_32_BIT_CONVERSION = YES;
				GCC_WARN_ABOUT_RETURN_TYPE = YES_ERROR;
				GCC_WARN_UNDECLARED_SELECTOR = YES;
				GCC_WARN_UNINITIALIZED_AUTOS = YES_AGGRESSIVE;
				GCC_WARN_UNUSED_FUNCTION = YES;
				GCC_WARN_UNUSED_VARIABLE = YES;
				IPHONEOS_DEPLOYMENT_TARGET = 7.1;
				SDKROOT = iphoneos;
				TARGETED_DEVICE_FAMILY = "1,2";
				VALIDATE_PRODUCT = YES;
			};
			name = Release;
		};
		BA1213101901A7820051E782 /* Debug */ = {
			isa = XCBuildConfiguration;
			buildSettings = {
				ASSETCATALOG_COMPILER_APPICON_NAME = AppIcon;
				ASSETCATALOG_COMPILER_LAUNCHIMAGE_NAME = LaunchImage;
				FRAMEWORK_SEARCH_PATHS = (
					"$(inherited)",
					"$(PROJECT_DIR)",
				);
				GCC_PRECOMPILE_PREFIX_HEADER = YES;
				GCC_PREFIX_HEADER = "nachomail/nachomail-Prefix.pch";
				INFOPLIST_FILE = "nachomail/nachomail-Info.plist";
				PRODUCT_NAME = "$(TARGET_NAME)";
				WRAPPER_EXTENSION = app;
			};
			name = Debug;
		};
		BA1213111901A7820051E782 /* Release */ = {
			isa = XCBuildConfiguration;
			buildSettings = {
				ASSETCATALOG_COMPILER_APPICON_NAME = AppIcon;
				ASSETCATALOG_COMPILER_LAUNCHIMAGE_NAME = LaunchImage;
				FRAMEWORK_SEARCH_PATHS = (
					"$(inherited)",
					"$(PROJECT_DIR)",
				);
				GCC_PRECOMPILE_PREFIX_HEADER = YES;
				GCC_PREFIX_HEADER = "nachomail/nachomail-Prefix.pch";
				INFOPLIST_FILE = "nachomail/nachomail-Info.plist";
				PRODUCT_NAME = "$(TARGET_NAME)";
				WRAPPER_EXTENSION = app;
			};
			name = Release;
		};
		BA1213131901A7820051E782 /* Debug */ = {
			isa = XCBuildConfiguration;
			buildSettings = {
				BUNDLE_LOADER = "$(BUILT_PRODUCTS_DIR)/nachomail.app/nachomail";
				FRAMEWORK_SEARCH_PATHS = (
					"$(SDKROOT)/Developer/Library/Frameworks",
					"$(inherited)",
					"$(DEVELOPER_FRAMEWORKS_DIR)",
				);
				GCC_PRECOMPILE_PREFIX_HEADER = YES;
				GCC_PREFIX_HEADER = "nachomail/nachomail-Prefix.pch";
				GCC_PREPROCESSOR_DEFINITIONS = (
					"DEBUG=1",
					"$(inherited)",
				);
				INFOPLIST_FILE = "nachomailTests/nachomailTests-Info.plist";
				PRODUCT_NAME = "$(TARGET_NAME)";
				TEST_HOST = "$(BUNDLE_LOADER)";
				WRAPPER_EXTENSION = xctest;
			};
			name = Debug;
		};
		BA1213141901A7820051E782 /* Release */ = {
			isa = XCBuildConfiguration;
			buildSettings = {
				BUNDLE_LOADER = "$(BUILT_PRODUCTS_DIR)/nachomail.app/nachomail";
				FRAMEWORK_SEARCH_PATHS = (
					"$(SDKROOT)/Developer/Library/Frameworks",
					"$(inherited)",
					"$(DEVELOPER_FRAMEWORKS_DIR)",
				);
				GCC_PRECOMPILE_PREFIX_HEADER = YES;
				GCC_PREFIX_HEADER = "nachomail/nachomail-Prefix.pch";
				INFOPLIST_FILE = "nachomailTests/nachomailTests-Info.plist";
				PRODUCT_NAME = "$(TARGET_NAME)";
				TEST_HOST = "$(BUNDLE_LOADER)";
				WRAPPER_EXTENSION = xctest;
			};
			name = Release;
		};
/* End XCBuildConfiguration section */

/* Begin XCConfigurationList section */
		BA1212D51901A7820051E782 /* Build configuration list for PBXProject "nachomail" */ = {
			isa = XCConfigurationList;
			buildConfigurations = (
				BA12130D1901A7820051E782 /* Debug */,
				BA12130E1901A7820051E782 /* Release */,
			);
			defaultConfigurationIsVisible = 0;
			defaultConfigurationName = Release;
		};
		BA12130F1901A7820051E782 /* Build configuration list for PBXNativeTarget "nachomail" */ = {
			isa = XCConfigurationList;
			buildConfigurations = (
				BA1213101901A7820051E782 /* Debug */,
				BA1213111901A7820051E782 /* Release */,
			);
			defaultConfigurationIsVisible = 0;
			defaultConfigurationName = Release;
		};
		BA1213121901A7820051E782 /* Build configuration list for PBXNativeTarget "nachomailTests" */ = {
			isa = XCConfigurationList;
			buildConfigurations = (
				BA1213131901A7820051E782 /* Debug */,
				BA1213141901A7820051E782 /* Release */,
			);
			defaultConfigurationIsVisible = 0;
			defaultConfigurationName = Release;
		};
/* End XCConfigurationList section */
	};
	rootObject = BA1212D21901A7820051E782 /* Project object */;
}
